// !$*UTF8*$!
{
	archiveVersion = 1;
	classes = {
	};
	objectVersion = 46;
	objects = {

/* Begin PBXBuildFile section */
		AE39F6A71EE10AC300D362C1 /* GameStatusScene.swift in Sources */ = {isa = PBXBuildFile; fileRef = AE39F6A61EE10AC300D362C1 /* GameStatusScene.swift */; };
		AE39F6A91EE10C6B00D362C1 /* GameStatusScene.sks in Resources */ = {isa = PBXBuildFile; fileRef = AE39F6A81EE10C6B00D362C1 /* GameStatusScene.sks */; };
		CC1148EA1F3841FC00F64550 /* WalkThroughLastPageViewController.swift in Sources */ = {isa = PBXBuildFile; fileRef = CC1148E91F3841FC00F64550 /* WalkThroughLastPageViewController.swift */; };
		CC1148EC1F393E7100F64550 /* Onboarding.storyboard in Resources */ = {isa = PBXBuildFile; fileRef = CC1148EB1F393E7100F64550 /* Onboarding.storyboard */; };
		CC1148EE1F394D8500F64550 /* AppViewController.swift in Sources */ = {isa = PBXBuildFile; fileRef = CC1148ED1F394D8500F64550 /* AppViewController.swift */; };
		CC182F3E1F880DCD00EE5DA9 /* LogoutViewController.swift in Sources */ = {isa = PBXBuildFile; fileRef = CC182F3D1F880DCD00EE5DA9 /* LogoutViewController.swift */; };
		CC182F441F896C7D00EE5DA9 /* Bolts.framework in Frameworks */ = {isa = PBXBuildFile; fileRef = CC182F431F896C7D00EE5DA9 /* Bolts.framework */; };
		CC182F461F896C9400EE5DA9 /* FBSDKCoreKit.framework in Frameworks */ = {isa = PBXBuildFile; fileRef = CC182F451F896C9400EE5DA9 /* FBSDKCoreKit.framework */; };
		CC182F481F896CA200EE5DA9 /* FBSDKLoginKit.framework in Frameworks */ = {isa = PBXBuildFile; fileRef = CC182F471F896CA200EE5DA9 /* FBSDKLoginKit.framework */; };
		CC182F4A1F896CAE00EE5DA9 /* FBSDKShareKit.framework in Frameworks */ = {isa = PBXBuildFile; fileRef = CC182F491F896CAE00EE5DA9 /* FBSDKShareKit.framework */; };
		CC182F4E1F89746F00EE5DA9 /* TwitterCore.framework in Frameworks */ = {isa = PBXBuildFile; fileRef = CC182F4D1F89746F00EE5DA9 /* TwitterCore.framework */; };
		CC182F501F89748F00EE5DA9 /* TwitterKit.framework in Frameworks */ = {isa = PBXBuildFile; fileRef = CC182F4F1F89748F00EE5DA9 /* TwitterKit.framework */; };
		CC1C64C11F44A7BE00A9E5C8 /* IAPurchaseManger.swift in Sources */ = {isa = PBXBuildFile; fileRef = CC1C64C01F44A7BE00A9E5C8 /* IAPurchaseManger.swift */; };
		CC1C64C31F44AA6D00A9E5C8 /* IAPurchaseScene.sks in Resources */ = {isa = PBXBuildFile; fileRef = CC1C64C21F44AA6D00A9E5C8 /* IAPurchaseScene.sks */; };
		CC1C64C51F44AE2800A9E5C8 /* IAPurchaseScene.swift in Sources */ = {isa = PBXBuildFile; fileRef = CC1C64C41F44AE2800A9E5C8 /* IAPurchaseScene.swift */; };
		CC1C64C71F44B44300A9E5C8 /* AwardScene.sks in Resources */ = {isa = PBXBuildFile; fileRef = CC1C64C61F44B44300A9E5C8 /* AwardScene.sks */; };
		CC1C64C91F44B47300A9E5C8 /* AwardScene.swift in Sources */ = {isa = PBXBuildFile; fileRef = CC1C64C81F44B47300A9E5C8 /* AwardScene.swift */; };
		CC1C64CE1F46B92400A9E5C8 /* AppTheme.swift in Sources */ = {isa = PBXBuildFile; fileRef = CC1C64CD1F46B92400A9E5C8 /* AppTheme.swift */; };
		CC1EA8D51FB7C0D6001520FD /* CommonGameController.swift in Sources */ = {isa = PBXBuildFile; fileRef = CC1EA8D41FB7C0D6001520FD /* CommonGameController.swift */; };
		CC24C2761F966DEB000C5B29 /* GoogleSignIn.framework in Frameworks */ = {isa = PBXBuildFile; fileRef = CC24C2691F96697D000C5B29 /* GoogleSignIn.framework */; };
		CC24C2771F966DF8000C5B29 /* GoogleAuthUtilities.framework in Frameworks */ = {isa = PBXBuildFile; fileRef = CC24C26A1F96698B000C5B29 /* GoogleAuthUtilities.framework */; };
		CC24C2781F966E0D000C5B29 /* GoogleAppUtilities.framework in Frameworks */ = {isa = PBXBuildFile; fileRef = CC24C26C1F96698B000C5B29 /* GoogleAppUtilities.framework */; };
		CC24C2791F966E42000C5B29 /* GoogleNetworkingUtilities.framework in Frameworks */ = {isa = PBXBuildFile; fileRef = CC24C26B1F96698B000C5B29 /* GoogleNetworkingUtilities.framework */; };
		CC24C27A1F966E46000C5B29 /* GoogleSymbolUtilities.framework in Frameworks */ = {isa = PBXBuildFile; fileRef = CC24C26D1F9669B3000C5B29 /* GoogleSymbolUtilities.framework */; };
		CC24C27B1F966E49000C5B29 /* GoogleUtilities.framework in Frameworks */ = {isa = PBXBuildFile; fileRef = CC24C26E1F9669B3000C5B29 /* GoogleUtilities.framework */; };
		CC24C27C1F966E8B000C5B29 /* AddressBook.framework in Frameworks */ = {isa = PBXBuildFile; fileRef = CC13D0CC1F8DB7A200FC51C6 /* AddressBook.framework */; };
		CC24C27D1F967F0E000C5B29 /* SafariServices.framework in Frameworks */ = {isa = PBXBuildFile; fileRef = CCC3A56E1F8D444E00530461 /* SafariServices.framework */; };
		CC24C27E1F967F6B000C5B29 /* libz.tbd in Frameworks */ = {isa = PBXBuildFile; fileRef = CC13D0D01F8DB7DF00FC51C6 /* libz.tbd */; };
		CC24C2801F967F9C000C5B29 /* libc++.tbd in Frameworks */ = {isa = PBXBuildFile; fileRef = CC24C27F1F967F9C000C5B29 /* libc++.tbd */; };
		CC24C2811F96800D000C5B29 /* GoogleSignIn.bundle in Resources */ = {isa = PBXBuildFile; fileRef = CC24C26F1F9669F0000C5B29 /* GoogleSignIn.bundle */; };
		CC2F8E481F18830200463E37 /* PlaySound.swift in Sources */ = {isa = PBXBuildFile; fileRef = CC2F8E471F18830100463E37 /* PlaySound.swift */; };
		CC4494CD1F5628A100CB0906 /* wireIcon.xcassets in Resources */ = {isa = PBXBuildFile; fileRef = CC4494CC1F5628A100CB0906 /* wireIcon.xcassets */; };
		CC47B5541F9E9EA100BE5DB8 /* StoreKit.framework in Frameworks */ = {isa = PBXBuildFile; fileRef = CC13D0CE1F8DB7AB00FC51C6 /* StoreKit.framework */; };
		CC4991F91FAE147300D74034 /* LayoutDefinition.swift in Sources */ = {isa = PBXBuildFile; fileRef = CC4991F81FAE147300D74034 /* LayoutDefinition.swift */; };
		CC4D21991F5CE3B600521254 /* LiveData.swift in Sources */ = {isa = PBXBuildFile; fileRef = CC4D21981F5CE3B600521254 /* LiveData.swift */; };
		CC4F90CF1F51D637001BB049 /* PlayNotification.plist in Resources */ = {isa = PBXBuildFile; fileRef = CC4F90CE1F51D637001BB049 /* PlayNotification.plist */; };
		CC4F90D11F51E9FE001BB049 /* Utility.swift in Sources */ = {isa = PBXBuildFile; fileRef = CC4F90D01F51E9FE001BB049 /* Utility.swift */; };
		CC5BF9B91FBB129E0095BEAD /* GoogleMobileAds.framework in Frameworks */ = {isa = PBXBuildFile; fileRef = CC47B5521F9E68E900BE5DB8 /* GoogleMobileAds.framework */; };
		CC5BF9BC1FBC8BAB0095BEAD /* GraphView.swift in Sources */ = {isa = PBXBuildFile; fileRef = CC5BF9BB1FBC8BAB0095BEAD /* GraphView.swift */; };
		CC5BF9BE1FBC8EB20095BEAD /* GameView.swift in Sources */ = {isa = PBXBuildFile; fileRef = CC5BF9BD1FBC8EB20095BEAD /* GameView.swift */; };
		CC5BF9C01FBC911A0095BEAD /* SettingView.swift in Sources */ = {isa = PBXBuildFile; fileRef = CC5BF9BF1FBC911A0095BEAD /* SettingView.swift */; };
		CC5BF9C21FBC928D0095BEAD /* LoginView.swift in Sources */ = {isa = PBXBuildFile; fileRef = CC5BF9C11FBC928D0095BEAD /* LoginView.swift */; };
		CC5BF9C41FBC93030095BEAD /* InstructionView.swift in Sources */ = {isa = PBXBuildFile; fileRef = CC5BF9C31FBC93030095BEAD /* InstructionView.swift */; };
		CC5BF9C61FBC93FC0095BEAD /* NewGameView.swift in Sources */ = {isa = PBXBuildFile; fileRef = CC5BF9C51FBC93FC0095BEAD /* NewGameView.swift */; };
		CC5D16DE1F80243C00414E8A /* ViewController+Extensions.swift in Sources */ = {isa = PBXBuildFile; fileRef = CC5D16DD1F80243C00414E8A /* ViewController+Extensions.swift */; };
		CC5D16E01F8034C200414E8A /* SocialMediaManager.swift in Sources */ = {isa = PBXBuildFile; fileRef = CC5D16DF1F8034C200414E8A /* SocialMediaManager.swift */; };
		CC6F27761F8419C30099F7A3 /* LoginViewController.swift in Sources */ = {isa = PBXBuildFile; fileRef = CC6F27751F8419C30099F7A3 /* LoginViewController.swift */; };
		CC6F27831F8693580099F7A3 /* FirebaseAnalytics.framework in Frameworks */ = {isa = PBXBuildFile; fileRef = CC6F277C1F8693580099F7A3 /* FirebaseAnalytics.framework */; };
		CC6F27841F8693580099F7A3 /* FirebaseCore.framework in Frameworks */ = {isa = PBXBuildFile; fileRef = CC6F277D1F8693580099F7A3 /* FirebaseCore.framework */; };
		CC6F27851F8693580099F7A3 /* FirebaseCoreDiagnostics.framework in Frameworks */ = {isa = PBXBuildFile; fileRef = CC6F277E1F8693580099F7A3 /* FirebaseCoreDiagnostics.framework */; };
		CC6F27861F8693580099F7A3 /* FirebaseInstanceID.framework in Frameworks */ = {isa = PBXBuildFile; fileRef = CC6F277F1F8693580099F7A3 /* FirebaseInstanceID.framework */; };
		CC6F27871F8693580099F7A3 /* FirebaseNanoPB.framework in Frameworks */ = {isa = PBXBuildFile; fileRef = CC6F27801F8693580099F7A3 /* FirebaseNanoPB.framework */; };
		CC6F27881F8693580099F7A3 /* GoogleToolboxForMac.framework in Frameworks */ = {isa = PBXBuildFile; fileRef = CC6F27811F8693580099F7A3 /* GoogleToolboxForMac.framework */; };
		CC6F27891F8693580099F7A3 /* nanopb.framework in Frameworks */ = {isa = PBXBuildFile; fileRef = CC6F27821F8693580099F7A3 /* nanopb.framework */; };
		CC6F278D1F8693F70099F7A3 /* FirebaseDatabase.framework in Frameworks */ = {isa = PBXBuildFile; fileRef = CC6F278B1F8693F70099F7A3 /* FirebaseDatabase.framework */; };
		CC6F278E1F8693F70099F7A3 /* leveldb-library.framework in Frameworks */ = {isa = PBXBuildFile; fileRef = CC6F278C1F8693F70099F7A3 /* leveldb-library.framework */; };
		CC7202B41F1973F1003394A0 /* awake.mp3 in Resources */ = {isa = PBXBuildFile; fileRef = CC7202B31F1973F1003394A0 /* awake.mp3 */; };
		CC7202B61F19740D003394A0 /* error.mp3 in Resources */ = {isa = PBXBuildFile; fileRef = CC7202B51F19740D003394A0 /* error.mp3 */; };
		CC7202B81F197421003394A0 /* great.mp3 in Resources */ = {isa = PBXBuildFile; fileRef = CC7202B71F197421003394A0 /* great.mp3 */; };
		CC7202BA1F197437003394A0 /* good.mp3 in Resources */ = {isa = PBXBuildFile; fileRef = CC7202B91F197437003394A0 /* good.mp3 */; };
		CC7202BC1F19744C003394A0 /* biff.mp3 in Resources */ = {isa = PBXBuildFile; fileRef = CC7202BB1F19744C003394A0 /* biff.mp3 */; };
		CC7202BE1F19745B003394A0 /* beepbeep.mp3 in Resources */ = {isa = PBXBuildFile; fileRef = CC7202BD1F19745B003394A0 /* beepbeep.mp3 */; };
		CC7202C01F1AAC95003394A0 /* yes.mp3 in Resources */ = {isa = PBXBuildFile; fileRef = CC7202BF1F1AAC95003394A0 /* yes.mp3 */; };
		CC7202C21F1D5D7D003394A0 /* StatStore.swift in Sources */ = {isa = PBXBuildFile; fileRef = CC7202C11F1D5D7D003394A0 /* StatStore.swift */; };
		CC7911BF1F55A3E3009E7B4A /* SplashViewController.swift in Sources */ = {isa = PBXBuildFile; fileRef = CC7911BE1F55A3E3009E7B4A /* SplashViewController.swift */; };
		CC7911C11F55A3F9009E7B4A /* LogoView.swift in Sources */ = {isa = PBXBuildFile; fileRef = CC7911C01F55A3F9009E7B4A /* LogoView.swift */; };
		CC7911C31F55A408009E7B4A /* TileView.swift in Sources */ = {isa = PBXBuildFile; fileRef = CC7911C21F55A408009E7B4A /* TileView.swift */; };
		CC7911C51F55A494009E7B4A /* TileGridView.swift in Sources */ = {isa = PBXBuildFile; fileRef = CC7911C41F55A494009E7B4A /* TileGridView.swift */; };
		CC7911C71F55A587009E7B4A /* Common.swift in Sources */ = {isa = PBXBuildFile; fileRef = CC7911C61F55A587009E7B4A /* Common.swift */; };
		CC80F5551F87CB7600BCD702 /* FirebaseAuth.framework in Frameworks */ = {isa = PBXBuildFile; fileRef = CC80F5531F87CB7600BCD702 /* FirebaseAuth.framework */; };
		CC80F5561F87CB7600BCD702 /* GTMSessionFetcher.framework in Frameworks */ = {isa = PBXBuildFile; fileRef = CC80F5541F87CB7600BCD702 /* GTMSessionFetcher.framework */; };
		CC8BE4131EEB2D7100CDB4BB /* ButtonNode.swift in Sources */ = {isa = PBXBuildFile; fileRef = CC8BE4121EEB2D7100CDB4BB /* ButtonNode.swift */; };
		CC8BE4151EEB47F700CDB4BB /* BaseScene.swift in Sources */ = {isa = PBXBuildFile; fileRef = CC8BE4141EEB47F700CDB4BB /* BaseScene.swift */; };
		CC8BE4171EEB494900CDB4BB /* BaseScene+Buttons.swift in Sources */ = {isa = PBXBuildFile; fileRef = CC8BE4161EEB494900CDB4BB /* BaseScene+Buttons.swift */; };
		CC8BE4191EEB4AA600CDB4BB /* BaseScene+Focus.swift in Sources */ = {isa = PBXBuildFile; fileRef = CC8BE4181EEB4AA600CDB4BB /* BaseScene+Focus.swift */; };
		CC8BE41B1EEB4F4500CDB4BB /* Images.xcassets in Resources */ = {isa = PBXBuildFile; fileRef = CC8BE41A1EEB4F4500CDB4BB /* Images.xcassets */; };
		CC8BE4231EF22F0E00CDB4BB /* DataExchange.swift in Sources */ = {isa = PBXBuildFile; fileRef = CC8BE4221EF22F0E00CDB4BB /* DataExchange.swift */; };
		CC8BE4251EF310CC00CDB4BB /* wlink_default.json in Resources */ = {isa = PBXBuildFile; fileRef = CC8BE4241EF310CC00CDB4BB /* wlink_default.json */; };
		CC8BE42D1F04481900CDB4BB /* DefinitionScene.sks in Resources */ = {isa = PBXBuildFile; fileRef = CC8BE42C1F04481800CDB4BB /* DefinitionScene.sks */; };
		CC8BE42F1F044CBE00CDB4BB /* DefinitionScene.swift in Sources */ = {isa = PBXBuildFile; fileRef = CC8BE42E1F044CBE00CDB4BB /* DefinitionScene.swift */; };
		CC95F9FF1F3A3F1700E55483 /* MainMenuScene.swift in Sources */ = {isa = PBXBuildFile; fileRef = CC95F9FE1F3A3F1700E55483 /* MainMenuScene.swift */; };
		CC95FA011F41D95B00E55483 /* WordList.swift in Sources */ = {isa = PBXBuildFile; fileRef = CC95FA001F41D95B00E55483 /* WordList.swift */; };
		CC9610971FB0CC64005EC5C1 /* Tile+Extensions.swift in Sources */ = {isa = PBXBuildFile; fileRef = CC9610961FB0CC64005EC5C1 /* Tile+Extensions.swift */; };
		CC96109A1FB642CE005EC5C1 /* GraphOverlay.swift in Sources */ = {isa = PBXBuildFile; fileRef = CC9610991FB642CB005EC5C1 /* GraphOverlay.swift */; };
		CC9D73A71F7C4C490084C15C /* WordList+Extensions.swift in Sources */ = {isa = PBXBuildFile; fileRef = CC9D73A61F7C4C490084C15C /* WordList+Extensions.swift */; };
		CCAD36171EE0CAE3001C6AFE /* AppDelegate.swift in Sources */ = {isa = PBXBuildFile; fileRef = CCAD36161EE0CAE3001C6AFE /* AppDelegate.swift */; };
		CCAD36191EE0CAE3001C6AFE /* GameScene.sks in Resources */ = {isa = PBXBuildFile; fileRef = CCAD36181EE0CAE3001C6AFE /* GameScene.sks */; };
		CCAD361D1EE0CAE3001C6AFE /* GameScene.swift in Sources */ = {isa = PBXBuildFile; fileRef = CCAD361C1EE0CAE3001C6AFE /* GameScene.swift */; };
		CCAD361F1EE0CAE3001C6AFE /* GameViewController.swift in Sources */ = {isa = PBXBuildFile; fileRef = CCAD361E1EE0CAE3001C6AFE /* GameViewController.swift */; };
		CCAD36221EE0CAE3001C6AFE /* Main.storyboard in Resources */ = {isa = PBXBuildFile; fileRef = CCAD36201EE0CAE3001C6AFE /* Main.storyboard */; };
		CCAD36271EE0CAE3001C6AFE /* LaunchScreen.storyboard in Resources */ = {isa = PBXBuildFile; fileRef = CCAD36251EE0CAE3001C6AFE /* LaunchScreen.storyboard */; };
		CCAD36321EE0CAE3001C6AFE /* wrdlnkTests.swift in Sources */ = {isa = PBXBuildFile; fileRef = CCAD36311EE0CAE3001C6AFE /* wrdlnkTests.swift */; };
		CCAD363D1EE0CAE3001C6AFE /* wrdlnkUITests.swift in Sources */ = {isa = PBXBuildFile; fileRef = CCAD363C1EE0CAE3001C6AFE /* wrdlnkUITests.swift */; };
		CCCE42731F917C46005F01D4 /* Array+Extensions.swift in Sources */ = {isa = PBXBuildFile; fileRef = CCCE42721F917C46005F01D4 /* Array+Extensions.swift */; };
		CCD90CE11F83EB2800C81D98 /* UIApplication+Extension.swift in Sources */ = {isa = PBXBuildFile; fileRef = CCD90CE01F83EB2800C81D98 /* UIApplication+Extension.swift */; };
		CCDC23711F200DCE00371F1F /* MenuScene.sks in Resources */ = {isa = PBXBuildFile; fileRef = CCDC23701F200DCE00371F1F /* MenuScene.sks */; };
		CCDC23731F200E3700371F1F /* MenuScene.swift in Sources */ = {isa = PBXBuildFile; fileRef = CCDC23721F200E3700371F1F /* MenuScene.swift */; };
		CCDEA3D41F36BEFD0046C82D /* WalkThroughOneViewController.swift in Sources */ = {isa = PBXBuildFile; fileRef = CCDEA3D31F36BEFD0046C82D /* WalkThroughOneViewController.swift */; };
		CCDEA3D61F36BF1C0046C82D /* WalkThroughTwoViewController.swift in Sources */ = {isa = PBXBuildFile; fileRef = CCDEA3D51F36BF1C0046C82D /* WalkThroughTwoViewController.swift */; };
		CCDEA3D81F36BF450046C82D /* WalkThroughThreeViewController.swift in Sources */ = {isa = PBXBuildFile; fileRef = CCDEA3D71F36BF450046C82D /* WalkThroughThreeViewController.swift */; };
		CCDEA3DA1F36BFF40046C82D /* WalkThrough.plist in Resources */ = {isa = PBXBuildFile; fileRef = CCDEA3D91F36BFF40046C82D /* WalkThrough.plist */; };
		CCDEA3E01F37A8690046C82D /* WalkThroughPageViewController.swift in Sources */ = {isa = PBXBuildFile; fileRef = CCDEA3DF1F37A8690046C82D /* WalkThroughPageViewController.swift */; };
		CCE07C001FABF09700DBE56F /* MainMenuScene.sks in Resources */ = {isa = PBXBuildFile; fileRef = CCE07BFF1FABF09700DBE56F /* MainMenuScene.sks */; };
		CCE627F71F574D650018BD1C /* OverlayScene.sks in Resources */ = {isa = PBXBuildFile; fileRef = CCE627F61F574D650018BD1C /* OverlayScene.sks */; };
		CCE627F91F574D890018BD1C /* OverlayScene.swift in Sources */ = {isa = PBXBuildFile; fileRef = CCE627F81F574D890018BD1C /* OverlayScene.swift */; };
		CCEB14CA1F9481F100985641 /* ProcessTile.swift in Sources */ = {isa = PBXBuildFile; fileRef = CCEB14C91F9481F100985641 /* ProcessTile.swift */; };
		CCEB14CF1F96611200985641 /* GoogleService-Info.plist in Resources */ = {isa = PBXBuildFile; fileRef = CCEB14CE1F965C2700985641 /* GoogleService-Info.plist */; };
		CCEB14D01F96612000985641 /* GoogleService-firebase-Info.plist in Resources */ = {isa = PBXBuildFile; fileRef = CCEB14CD1F965B9300985641 /* GoogleService-firebase-Info.plist */; };
		CCF3CC301F79AB3D00035B76 /* great2.mp3 in Resources */ = {isa = PBXBuildFile; fileRef = CCF3CC2F1F79AB3D00035B76 /* great2.mp3 */; };
		CCF3CC321F79F94C00035B76 /* GameScene+Extensions.swift in Sources */ = {isa = PBXBuildFile; fileRef = CCF3CC311F79F94C00035B76 /* GameScene+Extensions.swift */; };
		CCF3CC341F79FA1600035B76 /* SKScene+Extensions.swift in Sources */ = {isa = PBXBuildFile; fileRef = CCF3CC331F79FA1600035B76 /* SKScene+Extensions.swift */; };
		CCF3CC361F79FA8900035B76 /* BaseScene+Extensions.swift in Sources */ = {isa = PBXBuildFile; fileRef = CCF3CC351F79FA8900035B76 /* BaseScene+Extensions.swift */; };
		CCF3CC381F79FAF200035B76 /* ButtonNodeResponderType+Extensions.swift in Sources */ = {isa = PBXBuildFile; fileRef = CCF3CC371F79FAF200035B76 /* ButtonNodeResponderType+Extensions.swift */; };
		CCF3CC3A1F79FB5000035B76 /* SKTileMapNode+Extensions.swift in Sources */ = {isa = PBXBuildFile; fileRef = CCF3CC391F79FB5000035B76 /* SKTileMapNode+Extensions.swift */; };
		CCF3CC3C1F79FBFB00035B76 /* SKSpriteNode+Extensions.swift in Sources */ = {isa = PBXBuildFile; fileRef = CCF3CC3B1F79FBFB00035B76 /* SKSpriteNode+Extensions.swift */; };
		CCF3CC3E1F79FC4D00035B76 /* SKLabelNode+Extensions.swift in Sources */ = {isa = PBXBuildFile; fileRef = CCF3CC3D1F79FC4D00035B76 /* SKLabelNode+Extensions.swift */; };
		CCF3CC401F7AB0AC00035B76 /* VowelCount.swift in Sources */ = {isa = PBXBuildFile; fileRef = CCF3CC3F1F7AB0AC00035B76 /* VowelCount.swift */; };
		CCF3CC421F7AB16C00035B76 /* Stat.swift in Sources */ = {isa = PBXBuildFile; fileRef = CCF3CC411F7AB16C00035B76 /* Stat.swift */; };
		CCF8474C1EE9DC6D00468E0B /* Extensions.swift in Sources */ = {isa = PBXBuildFile; fileRef = CCF8474B1EE9DC6D00468E0B /* Extensions.swift */; };
		CCF8474E1EE9DD1600468E0B /* Config.swift in Sources */ = {isa = PBXBuildFile; fileRef = CCF8474D1EE9DD1600468E0B /* Config.swift */; };
/* End PBXBuildFile section */

/* Begin PBXContainerItemProxy section */
		CCAD362E1EE0CAE3001C6AFE /* PBXContainerItemProxy */ = {
			isa = PBXContainerItemProxy;
			containerPortal = CCAD360B1EE0CAE3001C6AFE /* Project object */;
			proxyType = 1;
			remoteGlobalIDString = CCAD36121EE0CAE3001C6AFE;
			remoteInfo = wrdlnk;
		};
		CCAD36391EE0CAE3001C6AFE /* PBXContainerItemProxy */ = {
			isa = PBXContainerItemProxy;
			containerPortal = CCAD360B1EE0CAE3001C6AFE /* Project object */;
			proxyType = 1;
			remoteGlobalIDString = CCAD36121EE0CAE3001C6AFE;
			remoteInfo = wrdlnk;
		};
/* End PBXContainerItemProxy section */

/* Begin PBXFileReference section */
		AE39F6A61EE10AC300D362C1 /* GameStatusScene.swift */ = {isa = PBXFileReference; fileEncoding = 4; lastKnownFileType = sourcecode.swift; path = GameStatusScene.swift; sourceTree = "<group>"; };
		AE39F6A81EE10C6B00D362C1 /* GameStatusScene.sks */ = {isa = PBXFileReference; lastKnownFileType = file.sks; path = GameStatusScene.sks; sourceTree = "<group>"; };
		CC1148E91F3841FC00F64550 /* WalkThroughLastPageViewController.swift */ = {isa = PBXFileReference; fileEncoding = 4; lastKnownFileType = sourcecode.swift; path = WalkThroughLastPageViewController.swift; sourceTree = "<group>"; };
		CC1148EB1F393E7100F64550 /* Onboarding.storyboard */ = {isa = PBXFileReference; fileEncoding = 4; lastKnownFileType = file.storyboard; path = Onboarding.storyboard; sourceTree = "<group>"; };
		CC1148ED1F394D8500F64550 /* AppViewController.swift */ = {isa = PBXFileReference; fileEncoding = 4; lastKnownFileType = sourcecode.swift; path = AppViewController.swift; sourceTree = "<group>"; };
		CC13D0CC1F8DB7A200FC51C6 /* AddressBook.framework */ = {isa = PBXFileReference; lastKnownFileType = wrapper.framework; name = AddressBook.framework; path = System/Library/Frameworks/AddressBook.framework; sourceTree = SDKROOT; };
		CC13D0CE1F8DB7AB00FC51C6 /* StoreKit.framework */ = {isa = PBXFileReference; lastKnownFileType = wrapper.framework; name = StoreKit.framework; path = System/Library/Frameworks/StoreKit.framework; sourceTree = SDKROOT; };
		CC13D0D01F8DB7DF00FC51C6 /* libz.tbd */ = {isa = PBXFileReference; lastKnownFileType = "sourcecode.text-based-dylib-definition"; name = libz.tbd; path = usr/lib/libz.tbd; sourceTree = SDKROOT; };
		CC13D0D41F8DC7D000FC51C6 /* GoogleUtilities.framework */ = {isa = PBXFileReference; lastKnownFileType = wrapper.framework; name = GoogleUtilities.framework; path = ../../sdk/google_signin_sdk_4_1_0/GoogleUtilities.framework; sourceTree = "<group>"; };
		CC182F3A1F87D39A00EE5DA9 /* wrdlnk-Bridging-Header.h */ = {isa = PBXFileReference; lastKnownFileType = sourcecode.c.h; path = "wrdlnk-Bridging-Header.h"; sourceTree = "<group>"; };
		CC182F3D1F880DCD00EE5DA9 /* LogoutViewController.swift */ = {isa = PBXFileReference; fileEncoding = 4; lastKnownFileType = sourcecode.swift; path = LogoutViewController.swift; sourceTree = "<group>"; };
		CC182F431F896C7D00EE5DA9 /* Bolts.framework */ = {isa = PBXFileReference; lastKnownFileType = wrapper.framework; path = Bolts.framework; sourceTree = "<group>"; };
		CC182F451F896C9400EE5DA9 /* FBSDKCoreKit.framework */ = {isa = PBXFileReference; lastKnownFileType = wrapper.framework; path = FBSDKCoreKit.framework; sourceTree = "<group>"; };
		CC182F471F896CA200EE5DA9 /* FBSDKLoginKit.framework */ = {isa = PBXFileReference; lastKnownFileType = wrapper.framework; path = FBSDKLoginKit.framework; sourceTree = "<group>"; };
		CC182F491F896CAE00EE5DA9 /* FBSDKShareKit.framework */ = {isa = PBXFileReference; lastKnownFileType = wrapper.framework; path = FBSDKShareKit.framework; sourceTree = "<group>"; };
		CC182F4D1F89746F00EE5DA9 /* TwitterCore.framework */ = {isa = PBXFileReference; lastKnownFileType = wrapper.framework; path = TwitterCore.framework; sourceTree = "<group>"; };
		CC182F4F1F89748F00EE5DA9 /* TwitterKit.framework */ = {isa = PBXFileReference; lastKnownFileType = wrapper.framework; path = TwitterKit.framework; sourceTree = "<group>"; };
		CC182F511F89924C00EE5DA9 /* Facebook.h */ = {isa = PBXFileReference; lastKnownFileType = sourcecode.c.h; path = Facebook.h; sourceTree = "<group>"; };
		CC182F521F89B5C900EE5DA9 /* Twitter.h */ = {isa = PBXFileReference; lastKnownFileType = sourcecode.c.h; path = Twitter.h; sourceTree = "<group>"; };
		CC1C64C01F44A7BE00A9E5C8 /* IAPurchaseManger.swift */ = {isa = PBXFileReference; fileEncoding = 4; lastKnownFileType = sourcecode.swift; path = IAPurchaseManger.swift; sourceTree = "<group>"; };
		CC1C64C21F44AA6D00A9E5C8 /* IAPurchaseScene.sks */ = {isa = PBXFileReference; lastKnownFileType = file.sks; path = IAPurchaseScene.sks; sourceTree = "<group>"; };
		CC1C64C41F44AE2800A9E5C8 /* IAPurchaseScene.swift */ = {isa = PBXFileReference; fileEncoding = 4; lastKnownFileType = sourcecode.swift; path = IAPurchaseScene.swift; sourceTree = "<group>"; };
		CC1C64C61F44B44300A9E5C8 /* AwardScene.sks */ = {isa = PBXFileReference; lastKnownFileType = file.sks; path = AwardScene.sks; sourceTree = "<group>"; };
		CC1C64C81F44B47300A9E5C8 /* AwardScene.swift */ = {isa = PBXFileReference; fileEncoding = 4; lastKnownFileType = sourcecode.swift; path = AwardScene.swift; sourceTree = "<group>"; };
		CC1C64CD1F46B92400A9E5C8 /* AppTheme.swift */ = {isa = PBXFileReference; fileEncoding = 4; lastKnownFileType = sourcecode.swift; path = AppTheme.swift; sourceTree = "<group>"; };
		CC1EA8D41FB7C0D6001520FD /* CommonGameController.swift */ = {isa = PBXFileReference; lastKnownFileType = sourcecode.swift; path = CommonGameController.swift; sourceTree = "<group>"; };
		CC1EA8D61FB7F15E001520FD /* SceneKit.framework */ = {isa = PBXFileReference; lastKnownFileType = wrapper.framework; name = SceneKit.framework; path = System/Library/Frameworks/SceneKit.framework; sourceTree = SDKROOT; };
		CC24C2691F96697D000C5B29 /* GoogleSignIn.framework */ = {isa = PBXFileReference; lastKnownFileType = wrapper.framework; name = GoogleSignIn.framework; path = ../../sdk/google_signin_sdk_4_0_0/GoogleSignIn.framework; sourceTree = "<group>"; };
		CC24C26A1F96698B000C5B29 /* GoogleAuthUtilities.framework */ = {isa = PBXFileReference; lastKnownFileType = wrapper.framework; name = GoogleAuthUtilities.framework; path = ../../sdk/google_signin_sdk_4_0_0/GoogleAuthUtilities.framework; sourceTree = "<group>"; };
		CC24C26B1F96698B000C5B29 /* GoogleNetworkingUtilities.framework */ = {isa = PBXFileReference; lastKnownFileType = wrapper.framework; name = GoogleNetworkingUtilities.framework; path = ../../sdk/google_signin_sdk_4_0_0/GoogleNetworkingUtilities.framework; sourceTree = "<group>"; };
		CC24C26C1F96698B000C5B29 /* GoogleAppUtilities.framework */ = {isa = PBXFileReference; lastKnownFileType = wrapper.framework; name = GoogleAppUtilities.framework; path = ../../sdk/google_signin_sdk_4_0_0/GoogleAppUtilities.framework; sourceTree = "<group>"; };
		CC24C26D1F9669B3000C5B29 /* GoogleSymbolUtilities.framework */ = {isa = PBXFileReference; lastKnownFileType = wrapper.framework; name = GoogleSymbolUtilities.framework; path = ../../sdk/google_signin_sdk_4_0_0/GoogleSymbolUtilities.framework; sourceTree = "<group>"; };
		CC24C26E1F9669B3000C5B29 /* GoogleUtilities.framework */ = {isa = PBXFileReference; lastKnownFileType = wrapper.framework; name = GoogleUtilities.framework; path = ../../sdk/google_signin_sdk_4_0_0/GoogleUtilities.framework; sourceTree = "<group>"; };
		CC24C26F1F9669F0000C5B29 /* GoogleSignIn.bundle */ = {isa = PBXFileReference; lastKnownFileType = "wrapper.plug-in"; name = GoogleSignIn.bundle; path = ../../sdk/google_signin_sdk_4_0_0/GoogleSignIn.bundle; sourceTree = "<group>"; };
		CC24C27F1F967F9C000C5B29 /* libc++.tbd */ = {isa = PBXFileReference; lastKnownFileType = "sourcecode.text-based-dylib-definition"; name = "libc++.tbd"; path = "usr/lib/libc++.tbd"; sourceTree = SDKROOT; };
		CC2F8E471F18830100463E37 /* PlaySound.swift */ = {isa = PBXFileReference; fileEncoding = 4; lastKnownFileType = sourcecode.swift; path = PlaySound.swift; sourceTree = "<group>"; };
		CC4494CC1F5628A100CB0906 /* wireIcon.xcassets */ = {isa = PBXFileReference; lastKnownFileType = folder.assetcatalog; path = wireIcon.xcassets; sourceTree = "<group>"; };
		CC47B5521F9E68E900BE5DB8 /* GoogleMobileAds.framework */ = {isa = PBXFileReference; lastKnownFileType = wrapper.framework; name = GoogleMobileAds.framework; path = "../../sdk/GoogleMobileAdsSdkiOS-7.24.1/GoogleMobileAds.framework"; sourceTree = "<group>"; };
		CC47B5551F9FA2DF00BE5DB8 /* iAd.framework */ = {isa = PBXFileReference; lastKnownFileType = wrapper.framework; name = iAd.framework; path = System/Library/Frameworks/iAd.framework; sourceTree = SDKROOT; };
		CC47B5561F9FA2F000BE5DB8 /* UIKit.framework */ = {isa = PBXFileReference; lastKnownFileType = wrapper.framework; name = UIKit.framework; path = System/Library/Frameworks/UIKit.framework; sourceTree = SDKROOT; };
		CC47B5571F9FA2FC00BE5DB8 /* CoreGraphics.framework */ = {isa = PBXFileReference; lastKnownFileType = wrapper.framework; name = CoreGraphics.framework; path = System/Library/Frameworks/CoreGraphics.framework; sourceTree = SDKROOT; };
		CC47B5581F9FA30500BE5DB8 /* Foundation.framework */ = {isa = PBXFileReference; lastKnownFileType = wrapper.framework; name = Foundation.framework; path = System/Library/Frameworks/Foundation.framework; sourceTree = SDKROOT; };
		CC4991F81FAE147300D74034 /* LayoutDefinition.swift */ = {isa = PBXFileReference; lastKnownFileType = sourcecode.swift; path = LayoutDefinition.swift; sourceTree = "<group>"; };
		CC4D21981F5CE3B600521254 /* LiveData.swift */ = {isa = PBXFileReference; fileEncoding = 4; lastKnownFileType = sourcecode.swift; path = LiveData.swift; sourceTree = "<group>"; };
		CC4F90CE1F51D637001BB049 /* PlayNotification.plist */ = {isa = PBXFileReference; fileEncoding = 4; lastKnownFileType = text.plist.xml; path = PlayNotification.plist; sourceTree = "<group>"; };
		CC4F90D01F51E9FE001BB049 /* Utility.swift */ = {isa = PBXFileReference; fileEncoding = 4; lastKnownFileType = sourcecode.swift; path = Utility.swift; sourceTree = "<group>"; };
		CC5BF9B81FBAE3690095BEAD /* GameplayKit.framework */ = {isa = PBXFileReference; lastKnownFileType = wrapper.framework; name = GameplayKit.framework; path = System/Library/Frameworks/GameplayKit.framework; sourceTree = SDKROOT; };
		CC5BF9BB1FBC8BAB0095BEAD /* GraphView.swift */ = {isa = PBXFileReference; fileEncoding = 4; lastKnownFileType = sourcecode.swift; path = GraphView.swift; sourceTree = "<group>"; };
		CC5BF9BD1FBC8EB20095BEAD /* GameView.swift */ = {isa = PBXFileReference; fileEncoding = 4; lastKnownFileType = sourcecode.swift; path = GameView.swift; sourceTree = "<group>"; };
		CC5BF9BF1FBC911A0095BEAD /* SettingView.swift */ = {isa = PBXFileReference; fileEncoding = 4; lastKnownFileType = sourcecode.swift; path = SettingView.swift; sourceTree = "<group>"; };
		CC5BF9C11FBC928D0095BEAD /* LoginView.swift */ = {isa = PBXFileReference; fileEncoding = 4; lastKnownFileType = sourcecode.swift; path = LoginView.swift; sourceTree = "<group>"; };
		CC5BF9C31FBC93030095BEAD /* InstructionView.swift */ = {isa = PBXFileReference; fileEncoding = 4; lastKnownFileType = sourcecode.swift; path = InstructionView.swift; sourceTree = "<group>"; };
		CC5BF9C51FBC93FC0095BEAD /* NewGameView.swift */ = {isa = PBXFileReference; fileEncoding = 4; lastKnownFileType = sourcecode.swift; path = NewGameView.swift; sourceTree = "<group>"; };
		CC5D16DD1F80243C00414E8A /* ViewController+Extensions.swift */ = {isa = PBXFileReference; fileEncoding = 4; lastKnownFileType = sourcecode.swift; path = "ViewController+Extensions.swift"; sourceTree = "<group>"; };
		CC5D16DF1F8034C200414E8A /* SocialMediaManager.swift */ = {isa = PBXFileReference; fileEncoding = 4; lastKnownFileType = sourcecode.swift; path = SocialMediaManager.swift; sourceTree = "<group>"; };
		CC6F27751F8419C30099F7A3 /* LoginViewController.swift */ = {isa = PBXFileReference; fileEncoding = 4; lastKnownFileType = sourcecode.swift; path = LoginViewController.swift; sourceTree = "<group>"; };
		CC6F277C1F8693580099F7A3 /* FirebaseAnalytics.framework */ = {isa = PBXFileReference; lastKnownFileType = wrapper.framework; path = FirebaseAnalytics.framework; sourceTree = "<group>"; };
		CC6F277D1F8693580099F7A3 /* FirebaseCore.framework */ = {isa = PBXFileReference; lastKnownFileType = wrapper.framework; path = FirebaseCore.framework; sourceTree = "<group>"; };
		CC6F277E1F8693580099F7A3 /* FirebaseCoreDiagnostics.framework */ = {isa = PBXFileReference; lastKnownFileType = wrapper.framework; path = FirebaseCoreDiagnostics.framework; sourceTree = "<group>"; };
		CC6F277F1F8693580099F7A3 /* FirebaseInstanceID.framework */ = {isa = PBXFileReference; lastKnownFileType = wrapper.framework; path = FirebaseInstanceID.framework; sourceTree = "<group>"; };
		CC6F27801F8693580099F7A3 /* FirebaseNanoPB.framework */ = {isa = PBXFileReference; lastKnownFileType = wrapper.framework; path = FirebaseNanoPB.framework; sourceTree = "<group>"; };
		CC6F27811F8693580099F7A3 /* GoogleToolboxForMac.framework */ = {isa = PBXFileReference; lastKnownFileType = wrapper.framework; path = GoogleToolboxForMac.framework; sourceTree = "<group>"; };
		CC6F27821F8693580099F7A3 /* nanopb.framework */ = {isa = PBXFileReference; lastKnownFileType = wrapper.framework; path = nanopb.framework; sourceTree = "<group>"; };
		CC6F278B1F8693F70099F7A3 /* FirebaseDatabase.framework */ = {isa = PBXFileReference; lastKnownFileType = wrapper.framework; path = FirebaseDatabase.framework; sourceTree = "<group>"; };
		CC6F278C1F8693F70099F7A3 /* leveldb-library.framework */ = {isa = PBXFileReference; lastKnownFileType = wrapper.framework; path = "leveldb-library.framework"; sourceTree = "<group>"; };
		CC6F278F1F8698130099F7A3 /* Firebase.h */ = {isa = PBXFileReference; lastKnownFileType = sourcecode.c.h; path = Firebase.h; sourceTree = "<group>"; };
		CC6F27901F8698890099F7A3 /* module.modulemap */ = {isa = PBXFileReference; lastKnownFileType = "sourcecode.module-map"; path = module.modulemap; sourceTree = "<group>"; };
		CC7202B31F1973F1003394A0 /* awake.mp3 */ = {isa = PBXFileReference; lastKnownFileType = audio.mp3; path = awake.mp3; sourceTree = "<group>"; };
		CC7202B51F19740D003394A0 /* error.mp3 */ = {isa = PBXFileReference; lastKnownFileType = audio.mp3; path = error.mp3; sourceTree = "<group>"; };
		CC7202B71F197421003394A0 /* great.mp3 */ = {isa = PBXFileReference; lastKnownFileType = audio.mp3; path = great.mp3; sourceTree = "<group>"; };
		CC7202B91F197437003394A0 /* good.mp3 */ = {isa = PBXFileReference; lastKnownFileType = audio.mp3; path = good.mp3; sourceTree = "<group>"; };
		CC7202BB1F19744C003394A0 /* biff.mp3 */ = {isa = PBXFileReference; lastKnownFileType = audio.mp3; path = biff.mp3; sourceTree = "<group>"; };
		CC7202BD1F19745B003394A0 /* beepbeep.mp3 */ = {isa = PBXFileReference; lastKnownFileType = audio.mp3; path = beepbeep.mp3; sourceTree = "<group>"; };
		CC7202BF1F1AAC95003394A0 /* yes.mp3 */ = {isa = PBXFileReference; lastKnownFileType = audio.mp3; path = yes.mp3; sourceTree = "<group>"; };
		CC7202C11F1D5D7D003394A0 /* StatStore.swift */ = {isa = PBXFileReference; fileEncoding = 4; lastKnownFileType = sourcecode.swift; path = StatStore.swift; sourceTree = "<group>"; };
		CC7911BE1F55A3E3009E7B4A /* SplashViewController.swift */ = {isa = PBXFileReference; fileEncoding = 4; lastKnownFileType = sourcecode.swift; path = SplashViewController.swift; sourceTree = "<group>"; };
		CC7911C01F55A3F9009E7B4A /* LogoView.swift */ = {isa = PBXFileReference; fileEncoding = 4; lastKnownFileType = sourcecode.swift; path = LogoView.swift; sourceTree = "<group>"; };
		CC7911C21F55A408009E7B4A /* TileView.swift */ = {isa = PBXFileReference; fileEncoding = 4; lastKnownFileType = sourcecode.swift; path = TileView.swift; sourceTree = "<group>"; };
		CC7911C41F55A494009E7B4A /* TileGridView.swift */ = {isa = PBXFileReference; fileEncoding = 4; lastKnownFileType = sourcecode.swift; path = TileGridView.swift; sourceTree = "<group>"; };
		CC7911C61F55A587009E7B4A /* Common.swift */ = {isa = PBXFileReference; fileEncoding = 4; lastKnownFileType = sourcecode.swift; path = Common.swift; sourceTree = "<group>"; };
		CC80F5531F87CB7600BCD702 /* FirebaseAuth.framework */ = {isa = PBXFileReference; lastKnownFileType = wrapper.framework; path = FirebaseAuth.framework; sourceTree = "<group>"; };
		CC80F5541F87CB7600BCD702 /* GTMSessionFetcher.framework */ = {isa = PBXFileReference; lastKnownFileType = wrapper.framework; path = GTMSessionFetcher.framework; sourceTree = "<group>"; };
		CC8BE4121EEB2D7100CDB4BB /* ButtonNode.swift */ = {isa = PBXFileReference; fileEncoding = 4; lastKnownFileType = sourcecode.swift; path = ButtonNode.swift; sourceTree = "<group>"; };
		CC8BE4141EEB47F700CDB4BB /* BaseScene.swift */ = {isa = PBXFileReference; fileEncoding = 4; lastKnownFileType = sourcecode.swift; path = BaseScene.swift; sourceTree = "<group>"; };
		CC8BE4161EEB494900CDB4BB /* BaseScene+Buttons.swift */ = {isa = PBXFileReference; fileEncoding = 4; lastKnownFileType = sourcecode.swift; path = "BaseScene+Buttons.swift"; sourceTree = "<group>"; };
		CC8BE4181EEB4AA600CDB4BB /* BaseScene+Focus.swift */ = {isa = PBXFileReference; fileEncoding = 4; lastKnownFileType = sourcecode.swift; path = "BaseScene+Focus.swift"; sourceTree = "<group>"; };
		CC8BE41A1EEB4F4500CDB4BB /* Images.xcassets */ = {isa = PBXFileReference; lastKnownFileType = folder.assetcatalog; name = Images.xcassets; path = ../Images.xcassets; sourceTree = "<group>"; };
		CC8BE4221EF22F0E00CDB4BB /* DataExchange.swift */ = {isa = PBXFileReference; fileEncoding = 4; lastKnownFileType = sourcecode.swift; path = DataExchange.swift; sourceTree = "<group>"; };
		CC8BE4241EF310CC00CDB4BB /* wlink_default.json */ = {isa = PBXFileReference; fileEncoding = 4; lastKnownFileType = text.json; path = wlink_default.json; sourceTree = "<group>"; };
		CC8BE42C1F04481800CDB4BB /* DefinitionScene.sks */ = {isa = PBXFileReference; lastKnownFileType = file.sks; path = DefinitionScene.sks; sourceTree = "<group>"; };
		CC8BE42E1F044CBE00CDB4BB /* DefinitionScene.swift */ = {isa = PBXFileReference; fileEncoding = 4; lastKnownFileType = sourcecode.swift; path = DefinitionScene.swift; sourceTree = "<group>"; };
		CC95F9FE1F3A3F1700E55483 /* MainMenuScene.swift */ = {isa = PBXFileReference; fileEncoding = 4; lastKnownFileType = sourcecode.swift; path = MainMenuScene.swift; sourceTree = "<group>"; };
		CC95FA001F41D95B00E55483 /* WordList.swift */ = {isa = PBXFileReference; fileEncoding = 4; lastKnownFileType = sourcecode.swift; path = WordList.swift; sourceTree = "<group>"; };
		CC9610961FB0CC64005EC5C1 /* Tile+Extensions.swift */ = {isa = PBXFileReference; lastKnownFileType = sourcecode.swift; path = "Tile+Extensions.swift"; sourceTree = "<group>"; };
		CC9610991FB642CB005EC5C1 /* GraphOverlay.swift */ = {isa = PBXFileReference; lastKnownFileType = sourcecode.swift; path = GraphOverlay.swift; sourceTree = "<group>"; };
		CC9D73A61F7C4C490084C15C /* WordList+Extensions.swift */ = {isa = PBXFileReference; fileEncoding = 4; lastKnownFileType = sourcecode.swift; path = "WordList+Extensions.swift"; sourceTree = "<group>"; };
		CCAD36131EE0CAE3001C6AFE /* wrdlnk.app */ = {isa = PBXFileReference; explicitFileType = wrapper.application; includeInIndex = 0; path = wrdlnk.app; sourceTree = BUILT_PRODUCTS_DIR; };
		CCAD36161EE0CAE3001C6AFE /* AppDelegate.swift */ = {isa = PBXFileReference; lastKnownFileType = sourcecode.swift; path = AppDelegate.swift; sourceTree = "<group>"; };
		CCAD36181EE0CAE3001C6AFE /* GameScene.sks */ = {isa = PBXFileReference; lastKnownFileType = file.sks; path = GameScene.sks; sourceTree = "<group>"; };
		CCAD361C1EE0CAE3001C6AFE /* GameScene.swift */ = {isa = PBXFileReference; lastKnownFileType = sourcecode.swift; path = GameScene.swift; sourceTree = "<group>"; };
		CCAD361E1EE0CAE3001C6AFE /* GameViewController.swift */ = {isa = PBXFileReference; lastKnownFileType = sourcecode.swift; path = GameViewController.swift; sourceTree = "<group>"; };
		CCAD36211EE0CAE3001C6AFE /* Base */ = {isa = PBXFileReference; lastKnownFileType = file.storyboard; name = Base; path = Base.lproj/Main.storyboard; sourceTree = "<group>"; };
		CCAD36261EE0CAE3001C6AFE /* Base */ = {isa = PBXFileReference; lastKnownFileType = file.storyboard; name = Base; path = Base.lproj/LaunchScreen.storyboard; sourceTree = "<group>"; };
		CCAD36281EE0CAE3001C6AFE /* Info.plist */ = {isa = PBXFileReference; lastKnownFileType = text.plist.xml; path = Info.plist; sourceTree = "<group>"; };
		CCAD362D1EE0CAE3001C6AFE /* wrdlnkTests.xctest */ = {isa = PBXFileReference; explicitFileType = wrapper.cfbundle; includeInIndex = 0; path = wrdlnkTests.xctest; sourceTree = BUILT_PRODUCTS_DIR; };
		CCAD36311EE0CAE3001C6AFE /* wrdlnkTests.swift */ = {isa = PBXFileReference; lastKnownFileType = sourcecode.swift; path = wrdlnkTests.swift; sourceTree = "<group>"; };
		CCAD36331EE0CAE3001C6AFE /* Info.plist */ = {isa = PBXFileReference; lastKnownFileType = text.plist.xml; path = Info.plist; sourceTree = "<group>"; };
		CCAD36381EE0CAE3001C6AFE /* wrdlnkUITests.xctest */ = {isa = PBXFileReference; explicitFileType = wrapper.cfbundle; includeInIndex = 0; path = wrdlnkUITests.xctest; sourceTree = BUILT_PRODUCTS_DIR; };
		CCAD363C1EE0CAE3001C6AFE /* wrdlnkUITests.swift */ = {isa = PBXFileReference; lastKnownFileType = sourcecode.swift; path = wrdlnkUITests.swift; sourceTree = "<group>"; };
		CCAD363E1EE0CAE3001C6AFE /* Info.plist */ = {isa = PBXFileReference; lastKnownFileType = text.plist.xml; path = Info.plist; sourceTree = "<group>"; };
		CCC3A5641F8D299700530461 /* Google.h */ = {isa = PBXFileReference; lastKnownFileType = sourcecode.c.h; path = Google.h; sourceTree = "<group>"; };
		CCC3A56E1F8D444E00530461 /* SafariServices.framework */ = {isa = PBXFileReference; lastKnownFileType = wrapper.framework; name = SafariServices.framework; path = System/Library/Frameworks/SafariServices.framework; sourceTree = SDKROOT; };
		CCC3A5701F8D446900530461 /* SystemConfiguration.framework */ = {isa = PBXFileReference; lastKnownFileType = wrapper.framework; name = SystemConfiguration.framework; path = System/Library/Frameworks/SystemConfiguration.framework; sourceTree = SDKROOT; };
		CCCE42721F917C46005F01D4 /* Array+Extensions.swift */ = {isa = PBXFileReference; lastKnownFileType = sourcecode.swift; path = "Array+Extensions.swift"; sourceTree = "<group>"; };
		CCD90CE01F83EB2800C81D98 /* UIApplication+Extension.swift */ = {isa = PBXFileReference; fileEncoding = 4; lastKnownFileType = sourcecode.swift; path = "UIApplication+Extension.swift"; sourceTree = "<group>"; };
		CCDC23701F200DCE00371F1F /* MenuScene.sks */ = {isa = PBXFileReference; lastKnownFileType = file.sks; path = MenuScene.sks; sourceTree = "<group>"; };
		CCDC23721F200E3700371F1F /* MenuScene.swift */ = {isa = PBXFileReference; fileEncoding = 4; lastKnownFileType = sourcecode.swift; path = MenuScene.swift; sourceTree = "<group>"; };
		CCDEA3D31F36BEFD0046C82D /* WalkThroughOneViewController.swift */ = {isa = PBXFileReference; fileEncoding = 4; lastKnownFileType = sourcecode.swift; path = WalkThroughOneViewController.swift; sourceTree = "<group>"; };
		CCDEA3D51F36BF1C0046C82D /* WalkThroughTwoViewController.swift */ = {isa = PBXFileReference; fileEncoding = 4; lastKnownFileType = sourcecode.swift; path = WalkThroughTwoViewController.swift; sourceTree = "<group>"; };
		CCDEA3D71F36BF450046C82D /* WalkThroughThreeViewController.swift */ = {isa = PBXFileReference; fileEncoding = 4; lastKnownFileType = sourcecode.swift; path = WalkThroughThreeViewController.swift; sourceTree = "<group>"; };
		CCDEA3D91F36BFF40046C82D /* WalkThrough.plist */ = {isa = PBXFileReference; fileEncoding = 4; lastKnownFileType = text.plist.xml; path = WalkThrough.plist; sourceTree = "<group>"; };
		CCDEA3DF1F37A8690046C82D /* WalkThroughPageViewController.swift */ = {isa = PBXFileReference; fileEncoding = 4; lastKnownFileType = sourcecode.swift; path = WalkThroughPageViewController.swift; sourceTree = "<group>"; };
		CCE07BFF1FABF09700DBE56F /* MainMenuScene.sks */ = {isa = PBXFileReference; lastKnownFileType = file.sks; path = MainMenuScene.sks; sourceTree = "<group>"; };
		CCE627F61F574D650018BD1C /* OverlayScene.sks */ = {isa = PBXFileReference; lastKnownFileType = file.sks; path = OverlayScene.sks; sourceTree = "<group>"; };
		CCE627F81F574D890018BD1C /* OverlayScene.swift */ = {isa = PBXFileReference; fileEncoding = 4; lastKnownFileType = sourcecode.swift; path = OverlayScene.swift; sourceTree = "<group>"; };
		CCEB14C91F9481F100985641 /* ProcessTile.swift */ = {isa = PBXFileReference; lastKnownFileType = sourcecode.swift; path = ProcessTile.swift; sourceTree = "<group>"; };
		CCEB14CB1F9652A400985641 /* libz.1.1.3.tbd */ = {isa = PBXFileReference; lastKnownFileType = "sourcecode.text-based-dylib-definition"; name = libz.1.1.3.tbd; path = usr/lib/libz.1.1.3.tbd; sourceTree = SDKROOT; };
		CCEB14CD1F965B9300985641 /* GoogleService-firebase-Info.plist */ = {isa = PBXFileReference; lastKnownFileType = text.plist.xml; path = "GoogleService-firebase-Info.plist"; sourceTree = "<group>"; };
		CCEB14CE1F965C2700985641 /* GoogleService-Info.plist */ = {isa = PBXFileReference; lastKnownFileType = text.plist.xml; path = "GoogleService-Info.plist"; sourceTree = "<group>"; };
		CCEB14D61F96672B00985641 /* GoogleSymbolUtilities.framework */ = {isa = PBXFileReference; lastKnownFileType = wrapper.framework; name = GoogleSymbolUtilities.framework; path = ../sdk/google_signin_sdk_4_0_0/GoogleSymbolUtilities.framework; sourceTree = "<group>"; };
		CCEB14D71F96672B00985641 /* GoogleUtilities.framework */ = {isa = PBXFileReference; lastKnownFileType = wrapper.framework; name = GoogleUtilities.framework; path = ../sdk/google_signin_sdk_4_0_0/GoogleUtilities.framework; sourceTree = "<group>"; };
		CCEB14D81F96672B00985641 /* GoogleNetworkingUtilities.framework */ = {isa = PBXFileReference; lastKnownFileType = wrapper.framework; name = GoogleNetworkingUtilities.framework; path = ../sdk/google_signin_sdk_4_0_0/GoogleNetworkingUtilities.framework; sourceTree = "<group>"; };
		CCEB14D91F96672B00985641 /* GoogleAuthUtilities.framework */ = {isa = PBXFileReference; lastKnownFileType = wrapper.framework; name = GoogleAuthUtilities.framework; path = ../sdk/google_signin_sdk_4_0_0/GoogleAuthUtilities.framework; sourceTree = "<group>"; };
		CCEB14DA1F96672C00985641 /* GoogleAppUtilities.framework */ = {isa = PBXFileReference; lastKnownFileType = wrapper.framework; name = GoogleAppUtilities.framework; path = ../sdk/google_signin_sdk_4_0_0/GoogleAppUtilities.framework; sourceTree = "<group>"; };
		CCEB14E01F96674800985641 /* GoogleSignIn.framework */ = {isa = PBXFileReference; lastKnownFileType = wrapper.framework; name = GoogleSignIn.framework; path = ../sdk/google_signin_sdk_4_0_0/GoogleSignIn.framework; sourceTree = "<group>"; };
		CCF3CC2F1F79AB3D00035B76 /* great2.mp3 */ = {isa = PBXFileReference; lastKnownFileType = audio.mp3; path = great2.mp3; sourceTree = "<group>"; };
		CCF3CC311F79F94C00035B76 /* GameScene+Extensions.swift */ = {isa = PBXFileReference; fileEncoding = 4; lastKnownFileType = sourcecode.swift; path = "GameScene+Extensions.swift"; sourceTree = "<group>"; };
		CCF3CC331F79FA1600035B76 /* SKScene+Extensions.swift */ = {isa = PBXFileReference; fileEncoding = 4; lastKnownFileType = sourcecode.swift; path = "SKScene+Extensions.swift"; sourceTree = "<group>"; };
		CCF3CC351F79FA8900035B76 /* BaseScene+Extensions.swift */ = {isa = PBXFileReference; fileEncoding = 4; lastKnownFileType = sourcecode.swift; path = "BaseScene+Extensions.swift"; sourceTree = "<group>"; };
		CCF3CC371F79FAF200035B76 /* ButtonNodeResponderType+Extensions.swift */ = {isa = PBXFileReference; fileEncoding = 4; lastKnownFileType = sourcecode.swift; path = "ButtonNodeResponderType+Extensions.swift"; sourceTree = "<group>"; };
		CCF3CC391F79FB5000035B76 /* SKTileMapNode+Extensions.swift */ = {isa = PBXFileReference; fileEncoding = 4; lastKnownFileType = sourcecode.swift; path = "SKTileMapNode+Extensions.swift"; sourceTree = "<group>"; };
		CCF3CC3B1F79FBFB00035B76 /* SKSpriteNode+Extensions.swift */ = {isa = PBXFileReference; fileEncoding = 4; lastKnownFileType = sourcecode.swift; path = "SKSpriteNode+Extensions.swift"; sourceTree = "<group>"; };
		CCF3CC3D1F79FC4D00035B76 /* SKLabelNode+Extensions.swift */ = {isa = PBXFileReference; fileEncoding = 4; lastKnownFileType = sourcecode.swift; path = "SKLabelNode+Extensions.swift"; sourceTree = "<group>"; };
		CCF3CC3F1F7AB0AC00035B76 /* VowelCount.swift */ = {isa = PBXFileReference; fileEncoding = 4; lastKnownFileType = sourcecode.swift; path = VowelCount.swift; sourceTree = "<group>"; };
		CCF3CC411F7AB16C00035B76 /* Stat.swift */ = {isa = PBXFileReference; fileEncoding = 4; lastKnownFileType = sourcecode.swift; path = Stat.swift; sourceTree = "<group>"; };
		CCF8474B1EE9DC6D00468E0B /* Extensions.swift */ = {isa = PBXFileReference; fileEncoding = 4; lastKnownFileType = sourcecode.swift; path = Extensions.swift; sourceTree = "<group>"; };
		CCF8474D1EE9DD1600468E0B /* Config.swift */ = {isa = PBXFileReference; fileEncoding = 4; lastKnownFileType = sourcecode.swift; path = Config.swift; sourceTree = "<group>"; };
/* End PBXFileReference section */

/* Begin PBXFrameworksBuildPhase section */
		CCAD36101EE0CAE3001C6AFE /* Frameworks */ = {
			isa = PBXFrameworksBuildPhase;
			buildActionMask = 2147483647;
			files = (
				CC5BF9B91FBB129E0095BEAD /* GoogleMobileAds.framework in Frameworks */,
				CC24C2801F967F9C000C5B29 /* libc++.tbd in Frameworks */,
				CC24C27E1F967F6B000C5B29 /* libz.tbd in Frameworks */,
				CC24C27C1F966E8B000C5B29 /* AddressBook.framework in Frameworks */,
				CC24C27D1F967F0E000C5B29 /* SafariServices.framework in Frameworks */,
				CC24C2761F966DEB000C5B29 /* GoogleSignIn.framework in Frameworks */,
				CC24C2781F966E0D000C5B29 /* GoogleAppUtilities.framework in Frameworks */,
				CC24C2771F966DF8000C5B29 /* GoogleAuthUtilities.framework in Frameworks */,
				CC24C2791F966E42000C5B29 /* GoogleNetworkingUtilities.framework in Frameworks */,
				CC24C27A1F966E46000C5B29 /* GoogleSymbolUtilities.framework in Frameworks */,
				CC24C27B1F966E49000C5B29 /* GoogleUtilities.framework in Frameworks */,
				CC6F27851F8693580099F7A3 /* FirebaseCoreDiagnostics.framework in Frameworks */,
				CC80F5561F87CB7600BCD702 /* GTMSessionFetcher.framework in Frameworks */,
				CC182F4A1F896CAE00EE5DA9 /* FBSDKShareKit.framework in Frameworks */,
				CC47B5541F9E9EA100BE5DB8 /* StoreKit.framework in Frameworks */,
				CC6F27841F8693580099F7A3 /* FirebaseCore.framework in Frameworks */,
				CC182F441F896C7D00EE5DA9 /* Bolts.framework in Frameworks */,
				CC182F481F896CA200EE5DA9 /* FBSDKLoginKit.framework in Frameworks */,
				CC6F27871F8693580099F7A3 /* FirebaseNanoPB.framework in Frameworks */,
				CC6F27891F8693580099F7A3 /* nanopb.framework in Frameworks */,
				CC6F278D1F8693F70099F7A3 /* FirebaseDatabase.framework in Frameworks */,
				CC6F278E1F8693F70099F7A3 /* leveldb-library.framework in Frameworks */,
				CC182F461F896C9400EE5DA9 /* FBSDKCoreKit.framework in Frameworks */,
				CC6F27881F8693580099F7A3 /* GoogleToolboxForMac.framework in Frameworks */,
				CC80F5551F87CB7600BCD702 /* FirebaseAuth.framework in Frameworks */,
				CC182F501F89748F00EE5DA9 /* TwitterKit.framework in Frameworks */,
				CC182F4E1F89746F00EE5DA9 /* TwitterCore.framework in Frameworks */,
				CC6F27831F8693580099F7A3 /* FirebaseAnalytics.framework in Frameworks */,
				CC6F27861F8693580099F7A3 /* FirebaseInstanceID.framework in Frameworks */,
			);
			runOnlyForDeploymentPostprocessing = 0;
		};
		CCAD362A1EE0CAE3001C6AFE /* Frameworks */ = {
			isa = PBXFrameworksBuildPhase;
			buildActionMask = 2147483647;
			files = (
			);
			runOnlyForDeploymentPostprocessing = 0;
		};
		CCAD36351EE0CAE3001C6AFE /* Frameworks */ = {
			isa = PBXFrameworksBuildPhase;
			buildActionMask = 2147483647;
			files = (
			);
			runOnlyForDeploymentPostprocessing = 0;
		};
/* End PBXFrameworksBuildPhase section */

/* Begin PBXGroup section */
		CC13D0C91F8DB40D00FC51C6 /* Etc */ = {
			isa = PBXGroup;
			children = (
				CC13D0D41F8DC7D000FC51C6 /* GoogleUtilities.framework */,
			);
			name = Etc;
			sourceTree = "<group>";
		};
		CC182F3F1F896BDD00EE5DA9 /* Bolts */ = {
			isa = PBXGroup;
			children = (
				CC182F431F896C7D00EE5DA9 /* Bolts.framework */,
			);
			name = Bolts;
			sourceTree = "<group>";
		};
		CC182F401F896C2100EE5DA9 /* Core */ = {
			isa = PBXGroup;
			children = (
				CC182F451F896C9400EE5DA9 /* FBSDKCoreKit.framework */,
			);
			name = Core;
			sourceTree = "<group>";
		};
		CC182F411F896C2900EE5DA9 /* Login */ = {
			isa = PBXGroup;
			children = (
				CC182F471F896CA200EE5DA9 /* FBSDKLoginKit.framework */,
			);
			name = Login;
			sourceTree = "<group>";
		};
		CC182F421F896C3600EE5DA9 /* Share */ = {
			isa = PBXGroup;
			children = (
				CC182F491F896CAE00EE5DA9 /* FBSDKShareKit.framework */,
			);
			name = Share;
			sourceTree = "<group>";
		};
		CC182F4B1F89743800EE5DA9 /* Core */ = {
			isa = PBXGroup;
			children = (
				CC182F4D1F89746F00EE5DA9 /* TwitterCore.framework */,
			);
			name = Core;
			sourceTree = "<group>";
		};
		CC182F4C1F89744200EE5DA9 /* Kit */ = {
			isa = PBXGroup;
			children = (
				CC182F4F1F89748F00EE5DA9 /* TwitterKit.framework */,
			);
			name = Kit;
			sourceTree = "<group>";
		};
		CC1C64BF1F44A77D00A9E5C8 /* IAPurchase */ = {
			isa = PBXGroup;
			children = (
				CC1C64C01F44A7BE00A9E5C8 /* IAPurchaseManger.swift */,
			);
			name = IAPurchase;
			sourceTree = "<group>";
		};
		CC1C64CC1F46B90100A9E5C8 /* Theme */ = {
			isa = PBXGroup;
			children = (
				CC1C64CD1F46B92400A9E5C8 /* AppTheme.swift */,
			);
			name = Theme;
			sourceTree = "<group>";
		};
		CC47B5511F9E640E00BE5DB8 /* AdMob */ = {
			isa = PBXGroup;
			children = (
				CC47B5521F9E68E900BE5DB8 /* GoogleMobileAds.framework */,
			);
			name = AdMob;
			sourceTree = "<group>";
		};
		CC5BF9BA1FBC8AAD0095BEAD /* Visual */ = {
			isa = PBXGroup;
			children = (
				CC5BF9C51FBC93FC0095BEAD /* NewGameView.swift */,
				CC5BF9C31FBC93030095BEAD /* InstructionView.swift */,
				CC5BF9C11FBC928D0095BEAD /* LoginView.swift */,
				CC5BF9BF1FBC911A0095BEAD /* SettingView.swift */,
				CC5BF9BD1FBC8EB20095BEAD /* GameView.swift */,
				CC5BF9BB1FBC8BAB0095BEAD /* GraphView.swift */,
			);
			name = Visual;
			sourceTree = "<group>";
		};
		CC6F27771F856F130099F7A3 /* Firebase */ = {
			isa = PBXGroup;
			children = (
				CCEB14CD1F965B9300985641 /* GoogleService-firebase-Info.plist */,
				CC6F278F1F8698130099F7A3 /* Firebase.h */,
				CC80F5521F87CB3200BCD702 /* Auth */,
				CC6F278A1F8693D40099F7A3 /* Database */,
				CC6F277B1F86932F0099F7A3 /* Analytics */,
			);
			name = Firebase;
			sourceTree = "<group>";
		};
		CC6F27781F856F1F0099F7A3 /* Facebook */ = {
			isa = PBXGroup;
			children = (
				CC182F511F89924C00EE5DA9 /* Facebook.h */,
				CC182F3F1F896BDD00EE5DA9 /* Bolts */,
				CC182F401F896C2100EE5DA9 /* Core */,
				CC182F411F896C2900EE5DA9 /* Login */,
				CC182F421F896C3600EE5DA9 /* Share */,
			);
			name = Facebook;
			sourceTree = "<group>";
		};
		CC6F27791F856F2D0099F7A3 /* Twitter */ = {
			isa = PBXGroup;
			children = (
				CC182F521F89B5C900EE5DA9 /* Twitter.h */,
				CC182F4B1F89743800EE5DA9 /* Core */,
				CC182F4C1F89744200EE5DA9 /* Kit */,
			);
			name = Twitter;
			sourceTree = "<group>";
		};
		CC6F277A1F856F3E0099F7A3 /* GoogleSignIn */ = {
			isa = PBXGroup;
			children = (
				CCC3A5641F8D299700530461 /* Google.h */,
				CC24C26F1F9669F0000C5B29 /* GoogleSignIn.bundle */,
				CC13D0C91F8DB40D00FC51C6 /* Etc */,
				CCC3A5651F8D302B00530461 /* SignIn */,
				CCC3A5661F8D30B000530461 /* SignInDependencies */,
			);
			name = GoogleSignIn;
			sourceTree = "<group>";
		};
		CC6F277B1F86932F0099F7A3 /* Analytics */ = {
			isa = PBXGroup;
			children = (
				CC6F277C1F8693580099F7A3 /* FirebaseAnalytics.framework */,
				CC6F277D1F8693580099F7A3 /* FirebaseCore.framework */,
				CC6F277E1F8693580099F7A3 /* FirebaseCoreDiagnostics.framework */,
				CC6F277F1F8693580099F7A3 /* FirebaseInstanceID.framework */,
				CC6F27801F8693580099F7A3 /* FirebaseNanoPB.framework */,
				CC6F27811F8693580099F7A3 /* GoogleToolboxForMac.framework */,
				CC6F27821F8693580099F7A3 /* nanopb.framework */,
			);
			name = Analytics;
			sourceTree = "<group>";
		};
		CC6F278A1F8693D40099F7A3 /* Database */ = {
			isa = PBXGroup;
			children = (
				CC6F278B1F8693F70099F7A3 /* FirebaseDatabase.framework */,
				CC6F278C1F8693F70099F7A3 /* leveldb-library.framework */,
			);
			name = Database;
			sourceTree = "<group>";
		};
		CC7911BD1F55A39E009E7B4A /* SplashScreen */ = {
			isa = PBXGroup;
			children = (
				CC7911BE1F55A3E3009E7B4A /* SplashViewController.swift */,
				CC7911C01F55A3F9009E7B4A /* LogoView.swift */,
				CC7911C21F55A408009E7B4A /* TileView.swift */,
				CC7911C41F55A494009E7B4A /* TileGridView.swift */,
				CC7911C61F55A587009E7B4A /* Common.swift */,
				CC4494CC1F5628A100CB0906 /* wireIcon.xcassets */,
			);
			name = SplashScreen;
			sourceTree = "<group>";
		};
		CC80F54F1F86A7F200BCD702 /* GoogleService */ = {
			isa = PBXGroup;
			children = (
				CCEB14CE1F965C2700985641 /* GoogleService-Info.plist */,
			);
			name = GoogleService;
			sourceTree = "<group>";
		};
		CC80F5521F87CB3200BCD702 /* Auth */ = {
			isa = PBXGroup;
			children = (
				CC80F5531F87CB7600BCD702 /* FirebaseAuth.framework */,
				CC80F5541F87CB7600BCD702 /* GTMSessionFetcher.framework */,
			);
			name = Auth;
			sourceTree = "<group>";
		};
		CC8BE4201EF10AC900CDB4BB /* Audio */ = {
			isa = PBXGroup;
			children = (
				CC2F8E471F18830100463E37 /* PlaySound.swift */,
			);
			name = Audio;
			path = ..;
			sourceTree = "<group>";
		};
		CC8BE4211EF10DCC00CDB4BB /* Sounds */ = {
			isa = PBXGroup;
			children = (
				CCF3CC2F1F79AB3D00035B76 /* great2.mp3 */,
				CC7202BF1F1AAC95003394A0 /* yes.mp3 */,
				CC7202BD1F19745B003394A0 /* beepbeep.mp3 */,
				CC7202BB1F19744C003394A0 /* biff.mp3 */,
				CC7202B91F197437003394A0 /* good.mp3 */,
				CC7202B71F197421003394A0 /* great.mp3 */,
				CC7202B51F19740D003394A0 /* error.mp3 */,
				CC7202B31F1973F1003394A0 /* awake.mp3 */,
			);
			name = Sounds;
			sourceTree = "<group>";
		};
		CC9610981FB642A2005EC5C1 /* Overlay */ = {
			isa = PBXGroup;
			children = (
				CC9610991FB642CB005EC5C1 /* GraphOverlay.swift */,
			);
			name = Overlay;
			sourceTree = "<group>";
		};
		CCAD360A1EE0CAE3001C6AFE = {
			isa = PBXGroup;
			children = (
				CCAD36151EE0CAE3001C6AFE /* wrdlnk */,
				CCAD36301EE0CAE3001C6AFE /* wrdlnkTests */,
				CCAD363B1EE0CAE3001C6AFE /* wrdlnkUITests */,
				CCAD36141EE0CAE3001C6AFE /* Products */,
				CCC3A56D1F8D444D00530461 /* Frameworks */,
			);
			sourceTree = "<group>";
		};
		CCAD36141EE0CAE3001C6AFE /* Products */ = {
			isa = PBXGroup;
			children = (
				CCAD36131EE0CAE3001C6AFE /* wrdlnk.app */,
				CCAD362D1EE0CAE3001C6AFE /* wrdlnkTests.xctest */,
				CCAD36381EE0CAE3001C6AFE /* wrdlnkUITests.xctest */,
			);
			name = Products;
			sourceTree = "<group>";
		};
		CCAD36151EE0CAE3001C6AFE /* wrdlnk */ = {
			isa = PBXGroup;
			children = (
				CC47B5511F9E640E00BE5DB8 /* AdMob */,
				CC6F27901F8698890099F7A3 /* module.modulemap */,
				CC80F54F1F86A7F200BCD702 /* GoogleService */,
				CC6F277A1F856F3E0099F7A3 /* GoogleSignIn */,
				CC6F27791F856F2D0099F7A3 /* Twitter */,
				CC6F27781F856F1F0099F7A3 /* Facebook */,
				CC6F27771F856F130099F7A3 /* Firebase */,
				CC8BE4201EF10AC900CDB4BB /* Audio */,
				CC7911BD1F55A39E009E7B4A /* SplashScreen */,
				CC1C64CC1F46B90100A9E5C8 /* Theme */,
				CC1C64BF1F44A77D00A9E5C8 /* IAPurchase */,
				CCDEA3D21F36BECB0046C82D /* WalkThrough */,
				CCF8474A1EE9DC5B00468E0B /* Helpers */,
				CC5BF9BA1FBC8AAD0095BEAD /* Visual */,
				CCAD364E1EE0CBE0001C6AFE /* Assets */,
				CCAD364D1EE0CBCD001C6AFE /* Scenes */,
				CCAD364C1EE0CBBE001C6AFE /* Main */,
				CCAD364B1EE0CB90001C6AFE /* Controllers */,
				CCAD364A1EE0CB7D001C6AFE /* Data */,
				CC182F3A1F87D39A00EE5DA9 /* wrdlnk-Bridging-Header.h */,
			);
			path = wrdlnk;
			sourceTree = "<group>";
		};
		CCAD36301EE0CAE3001C6AFE /* wrdlnkTests */ = {
			isa = PBXGroup;
			children = (
				CCAD36311EE0CAE3001C6AFE /* wrdlnkTests.swift */,
				CCAD36331EE0CAE3001C6AFE /* Info.plist */,
			);
			path = wrdlnkTests;
			sourceTree = "<group>";
		};
		CCAD363B1EE0CAE3001C6AFE /* wrdlnkUITests */ = {
			isa = PBXGroup;
			children = (
				CCAD363C1EE0CAE3001C6AFE /* wrdlnkUITests.swift */,
				CCAD363E1EE0CAE3001C6AFE /* Info.plist */,
			);
			path = wrdlnkUITests;
			sourceTree = "<group>";
		};
		CCAD364A1EE0CB7D001C6AFE /* Data */ = {
			isa = PBXGroup;
			children = (
				CC8BE4241EF310CC00CDB4BB /* wlink_default.json */,
			);
			name = Data;
			sourceTree = "<group>";
		};
		CCAD364B1EE0CB90001C6AFE /* Controllers */ = {
			isa = PBXGroup;
			children = (
				CC1EA8D41FB7C0D6001520FD /* CommonGameController.swift */,
				CCAD361E1EE0CAE3001C6AFE /* GameViewController.swift */,
				CC5D16DD1F80243C00414E8A /* ViewController+Extensions.swift */,
				CC5D16DF1F8034C200414E8A /* SocialMediaManager.swift */,
				CC6F27751F8419C30099F7A3 /* LoginViewController.swift */,
				CC182F3D1F880DCD00EE5DA9 /* LogoutViewController.swift */,
			);
			name = Controllers;
			sourceTree = "<group>";
		};
		CCAD364C1EE0CBBE001C6AFE /* Main */ = {
			isa = PBXGroup;
			children = (
				CCAD36161EE0CAE3001C6AFE /* AppDelegate.swift */,
				CC1148ED1F394D8500F64550 /* AppViewController.swift */,
				CCAD36251EE0CAE3001C6AFE /* LaunchScreen.storyboard */,
				CCAD36201EE0CAE3001C6AFE /* Main.storyboard */,
				CC1148EB1F393E7100F64550 /* Onboarding.storyboard */,
				CCAD36281EE0CAE3001C6AFE /* Info.plist */,
				CCD90CE01F83EB2800C81D98 /* UIApplication+Extension.swift */,
			);
			name = Main;
			sourceTree = "<group>";
		};
		CCAD364D1EE0CBCD001C6AFE /* Scenes */ = {
			isa = PBXGroup;
			children = (
				CC9610981FB642A2005EC5C1 /* Overlay */,
				CC1C64C61F44B44300A9E5C8 /* AwardScene.sks */,
				CC1C64C81F44B47300A9E5C8 /* AwardScene.swift */,
				CC8BE4141EEB47F700CDB4BB /* BaseScene.swift */,
				CC8BE4161EEB494900CDB4BB /* BaseScene+Buttons.swift */,
				CC8BE4181EEB4AA600CDB4BB /* BaseScene+Focus.swift */,
				CC8BE42C1F04481800CDB4BB /* DefinitionScene.sks */,
				CC8BE42E1F044CBE00CDB4BB /* DefinitionScene.swift */,
				CCAD36181EE0CAE3001C6AFE /* GameScene.sks */,
				CCAD361C1EE0CAE3001C6AFE /* GameScene.swift */,
				AE39F6A81EE10C6B00D362C1 /* GameStatusScene.sks */,
				AE39F6A61EE10AC300D362C1 /* GameStatusScene.swift */,
				CC1C64C21F44AA6D00A9E5C8 /* IAPurchaseScene.sks */,
				CC1C64C41F44AE2800A9E5C8 /* IAPurchaseScene.swift */,
				CCE07BFF1FABF09700DBE56F /* MainMenuScene.sks */,
				CC95F9FE1F3A3F1700E55483 /* MainMenuScene.swift */,
				CCDC23701F200DCE00371F1F /* MenuScene.sks */,
				CCDC23721F200E3700371F1F /* MenuScene.swift */,
				CC4F90CE1F51D637001BB049 /* PlayNotification.plist */,
				CCE627F61F574D650018BD1C /* OverlayScene.sks */,
				CCE627F81F574D890018BD1C /* OverlayScene.swift */,
				CCF3CC311F79F94C00035B76 /* GameScene+Extensions.swift */,
				CCF3CC331F79FA1600035B76 /* SKScene+Extensions.swift */,
				CCF3CC351F79FA8900035B76 /* BaseScene+Extensions.swift */,
				CCF3CC371F79FAF200035B76 /* ButtonNodeResponderType+Extensions.swift */,
				CCF3CC391F79FB5000035B76 /* SKTileMapNode+Extensions.swift */,
				CCF3CC3B1F79FBFB00035B76 /* SKSpriteNode+Extensions.swift */,
				CCF3CC3D1F79FC4D00035B76 /* SKLabelNode+Extensions.swift */,
			);
			name = Scenes;
			sourceTree = "<group>";
		};
		CCAD364E1EE0CBE0001C6AFE /* Assets */ = {
			isa = PBXGroup;
			children = (
				CC8BE4211EF10DCC00CDB4BB /* Sounds */,
				CC8BE41A1EEB4F4500CDB4BB /* Images.xcassets */,
			);
			name = Assets;
			sourceTree = "<group>";
		};
		CCC3A5651F8D302B00530461 /* SignIn */ = {
			isa = PBXGroup;
			children = (
				CC24C2691F96697D000C5B29 /* GoogleSignIn.framework */,
			);
			name = SignIn;
			sourceTree = "<group>";
		};
		CCC3A5661F8D30B000530461 /* SignInDependencies */ = {
			isa = PBXGroup;
			children = (
				CC24C26C1F96698B000C5B29 /* GoogleAppUtilities.framework */,
				CC24C26A1F96698B000C5B29 /* GoogleAuthUtilities.framework */,
				CC24C26B1F96698B000C5B29 /* GoogleNetworkingUtilities.framework */,
				CC24C26D1F9669B3000C5B29 /* GoogleSymbolUtilities.framework */,
				CC24C26E1F9669B3000C5B29 /* GoogleUtilities.framework */,
			);
			name = SignInDependencies;
			sourceTree = "<group>";
		};
		CCC3A56D1F8D444D00530461 /* Frameworks */ = {
			isa = PBXGroup;
			children = (
				CC5BF9B81FBAE3690095BEAD /* GameplayKit.framework */,
				CC1EA8D61FB7F15E001520FD /* SceneKit.framework */,
				CC47B5581F9FA30500BE5DB8 /* Foundation.framework */,
				CC47B5571F9FA2FC00BE5DB8 /* CoreGraphics.framework */,
				CC47B5561F9FA2F000BE5DB8 /* UIKit.framework */,
				CC47B5551F9FA2DF00BE5DB8 /* iAd.framework */,
				CC24C27F1F967F9C000C5B29 /* libc++.tbd */,
				CCEB14E01F96674800985641 /* GoogleSignIn.framework */,
				CCEB14DA1F96672C00985641 /* GoogleAppUtilities.framework */,
				CCEB14D91F96672B00985641 /* GoogleAuthUtilities.framework */,
				CCEB14D81F96672B00985641 /* GoogleNetworkingUtilities.framework */,
				CCEB14D61F96672B00985641 /* GoogleSymbolUtilities.framework */,
				CCEB14D71F96672B00985641 /* GoogleUtilities.framework */,
				CCEB14CB1F9652A400985641 /* libz.1.1.3.tbd */,
				CC13D0D01F8DB7DF00FC51C6 /* libz.tbd */,
				CC13D0CE1F8DB7AB00FC51C6 /* StoreKit.framework */,
				CC13D0CC1F8DB7A200FC51C6 /* AddressBook.framework */,
				CCC3A5701F8D446900530461 /* SystemConfiguration.framework */,
				CCC3A56E1F8D444E00530461 /* SafariServices.framework */,
			);
			name = Frameworks;
			sourceTree = "<group>";
		};
		CCDEA3D21F36BECB0046C82D /* WalkThrough */ = {
			isa = PBXGroup;
			children = (
				CCDEA3DF1F37A8690046C82D /* WalkThroughPageViewController.swift */,
				CCDEA3D31F36BEFD0046C82D /* WalkThroughOneViewController.swift */,
				CCDEA3D51F36BF1C0046C82D /* WalkThroughTwoViewController.swift */,
				CCDEA3D71F36BF450046C82D /* WalkThroughThreeViewController.swift */,
				CC1148E91F3841FC00F64550 /* WalkThroughLastPageViewController.swift */,
				CCDEA3D91F36BFF40046C82D /* WalkThrough.plist */,
			);
			name = WalkThrough;
			sourceTree = "<group>";
		};
		CCF8474A1EE9DC5B00468E0B /* Helpers */ = {
			isa = PBXGroup;
			children = (
				CCCE42721F917C46005F01D4 /* Array+Extensions.swift */,
				CCF8474B1EE9DC6D00468E0B /* Extensions.swift */,
				CCF8474D1EE9DD1600468E0B /* Config.swift */,
				CC8BE4121EEB2D7100CDB4BB /* ButtonNode.swift */,
				CC8BE4221EF22F0E00CDB4BB /* DataExchange.swift */,
				CC95FA001F41D95B00E55483 /* WordList.swift */,
				CC9D73A61F7C4C490084C15C /* WordList+Extensions.swift */,
				CC4F90D01F51E9FE001BB049 /* Utility.swift */,
				CC4D21981F5CE3B600521254 /* LiveData.swift */,
				CCF3CC3F1F7AB0AC00035B76 /* VowelCount.swift */,
				CCF3CC411F7AB16C00035B76 /* Stat.swift */,
				CC7202C11F1D5D7D003394A0 /* StatStore.swift */,
				CCEB14C91F9481F100985641 /* ProcessTile.swift */,
				CC4991F81FAE147300D74034 /* LayoutDefinition.swift */,
				CC9610961FB0CC64005EC5C1 /* Tile+Extensions.swift */,
			);
			name = Helpers;
			sourceTree = "<group>";
		};
/* End PBXGroup section */

/* Begin PBXNativeTarget section */
		CCAD36121EE0CAE3001C6AFE /* wrdlnk */ = {
			isa = PBXNativeTarget;
			buildConfigurationList = CCAD36411EE0CAE3001C6AFE /* Build configuration list for PBXNativeTarget "wrdlnk" */;
			buildPhases = (
				CCAD360F1EE0CAE3001C6AFE /* Sources */,
				CCAD36101EE0CAE3001C6AFE /* Frameworks */,
				CCAD36111EE0CAE3001C6AFE /* Resources */,
			);
			buildRules = (
			);
			dependencies = (
			);
			name = wrdlnk;
			productName = wrdlnk;
			productReference = CCAD36131EE0CAE3001C6AFE /* wrdlnk.app */;
			productType = "com.apple.product-type.application";
		};
		CCAD362C1EE0CAE3001C6AFE /* wrdlnkTests */ = {
			isa = PBXNativeTarget;
			buildConfigurationList = CCAD36441EE0CAE3001C6AFE /* Build configuration list for PBXNativeTarget "wrdlnkTests" */;
			buildPhases = (
				CCAD36291EE0CAE3001C6AFE /* Sources */,
				CCAD362A1EE0CAE3001C6AFE /* Frameworks */,
				CCAD362B1EE0CAE3001C6AFE /* Resources */,
			);
			buildRules = (
			);
			dependencies = (
				CCAD362F1EE0CAE3001C6AFE /* PBXTargetDependency */,
			);
			name = wrdlnkTests;
			productName = wrdlnkTests;
			productReference = CCAD362D1EE0CAE3001C6AFE /* wrdlnkTests.xctest */;
			productType = "com.apple.product-type.bundle.unit-test";
		};
		CCAD36371EE0CAE3001C6AFE /* wrdlnkUITests */ = {
			isa = PBXNativeTarget;
			buildConfigurationList = CCAD36471EE0CAE3001C6AFE /* Build configuration list for PBXNativeTarget "wrdlnkUITests" */;
			buildPhases = (
				CCAD36341EE0CAE3001C6AFE /* Sources */,
				CCAD36351EE0CAE3001C6AFE /* Frameworks */,
				CCAD36361EE0CAE3001C6AFE /* Resources */,
			);
			buildRules = (
			);
			dependencies = (
				CCAD363A1EE0CAE3001C6AFE /* PBXTargetDependency */,
			);
			name = wrdlnkUITests;
			productName = wrdlnkUITests;
			productReference = CCAD36381EE0CAE3001C6AFE /* wrdlnkUITests.xctest */;
			productType = "com.apple.product-type.bundle.ui-testing";
		};
/* End PBXNativeTarget section */

/* Begin PBXProject section */
		CCAD360B1EE0CAE3001C6AFE /* Project object */ = {
			isa = PBXProject;
			attributes = {
				LastSwiftUpdateCheck = 0830;
				LastUpgradeCheck = 0900;
				ORGANIZATIONNAME = teknowsys;
				TargetAttributes = {
					CCAD36121EE0CAE3001C6AFE = {
						CreatedOnToolsVersion = 8.3;
						DevelopmentTeam = B8FBKBQS3V;
						LastSwiftMigration = 0900;
						ProvisioningStyle = Automatic;
						SystemCapabilities = {
							com.apple.InAppPurchase = {
								enabled = 1;
							};
						};
					};
					CCAD362C1EE0CAE3001C6AFE = {
						CreatedOnToolsVersion = 8.3;
						LastSwiftMigration = 0900;
						ProvisioningStyle = Automatic;
						TestTargetID = CCAD36121EE0CAE3001C6AFE;
					};
					CCAD36371EE0CAE3001C6AFE = {
						CreatedOnToolsVersion = 8.3;
						LastSwiftMigration = 0900;
						ProvisioningStyle = Automatic;
						TestTargetID = CCAD36121EE0CAE3001C6AFE;
					};
				};
			};
			buildConfigurationList = CCAD360E1EE0CAE3001C6AFE /* Build configuration list for PBXProject "wrdlnk" */;
			compatibilityVersion = "Xcode 3.2";
			developmentRegion = English;
			hasScannedForEncodings = 0;
			knownRegions = (
				en,
				Base,
			);
			mainGroup = CCAD360A1EE0CAE3001C6AFE;
			productRefGroup = CCAD36141EE0CAE3001C6AFE /* Products */;
			projectDirPath = "";
			projectRoot = "";
			targets = (
				CCAD36121EE0CAE3001C6AFE /* wrdlnk */,
				CCAD362C1EE0CAE3001C6AFE /* wrdlnkTests */,
				CCAD36371EE0CAE3001C6AFE /* wrdlnkUITests */,
			);
		};
/* End PBXProject section */

/* Begin PBXResourcesBuildPhase section */
		CCAD36111EE0CAE3001C6AFE /* Resources */ = {
			isa = PBXResourcesBuildPhase;
			buildActionMask = 2147483647;
			files = (
				CC24C2811F96800D000C5B29 /* GoogleSignIn.bundle in Resources */,
				CCE07C001FABF09700DBE56F /* MainMenuScene.sks in Resources */,
				CCEB14D01F96612000985641 /* GoogleService-firebase-Info.plist in Resources */,
				CCEB14CF1F96611200985641 /* GoogleService-Info.plist in Resources */,
				CC7202B81F197421003394A0 /* great.mp3 in Resources */,
				CC7202B41F1973F1003394A0 /* awake.mp3 in Resources */,
				CC7202C01F1AAC95003394A0 /* yes.mp3 in Resources */,
				CCDC23711F200DCE00371F1F /* MenuScene.sks in Resources */,
				AE39F6A91EE10C6B00D362C1 /* GameStatusScene.sks in Resources */,
				CC8BE42D1F04481900CDB4BB /* DefinitionScene.sks in Resources */,
				CC4F90CF1F51D637001BB049 /* PlayNotification.plist in Resources */,
				CC8BE4251EF310CC00CDB4BB /* wlink_default.json in Resources */,
				CC7202BC1F19744C003394A0 /* biff.mp3 in Resources */,
				CC7202BA1F197437003394A0 /* good.mp3 in Resources */,
				CC1C64C31F44AA6D00A9E5C8 /* IAPurchaseScene.sks in Resources */,
				CC1C64C71F44B44300A9E5C8 /* AwardScene.sks in Resources */,
				CCAD36221EE0CAE3001C6AFE /* Main.storyboard in Resources */,
				CC7202B61F19740D003394A0 /* error.mp3 in Resources */,
				CCE627F71F574D650018BD1C /* OverlayScene.sks in Resources */,
				CCDEA3DA1F36BFF40046C82D /* WalkThrough.plist in Resources */,
				CC1148EC1F393E7100F64550 /* Onboarding.storyboard in Resources */,
				CC7202BE1F19745B003394A0 /* beepbeep.mp3 in Resources */,
				CCAD36191EE0CAE3001C6AFE /* GameScene.sks in Resources */,
				CC8BE41B1EEB4F4500CDB4BB /* Images.xcassets in Resources */,
				CCF3CC301F79AB3D00035B76 /* great2.mp3 in Resources */,
				CCAD36271EE0CAE3001C6AFE /* LaunchScreen.storyboard in Resources */,
				CC4494CD1F5628A100CB0906 /* wireIcon.xcassets in Resources */,
			);
			runOnlyForDeploymentPostprocessing = 0;
		};
		CCAD362B1EE0CAE3001C6AFE /* Resources */ = {
			isa = PBXResourcesBuildPhase;
			buildActionMask = 2147483647;
			files = (
			);
			runOnlyForDeploymentPostprocessing = 0;
		};
		CCAD36361EE0CAE3001C6AFE /* Resources */ = {
			isa = PBXResourcesBuildPhase;
			buildActionMask = 2147483647;
			files = (
			);
			runOnlyForDeploymentPostprocessing = 0;
		};
/* End PBXResourcesBuildPhase section */

/* Begin PBXSourcesBuildPhase section */
		CCAD360F1EE0CAE3001C6AFE /* Sources */ = {
			isa = PBXSourcesBuildPhase;
			buildActionMask = 2147483647;
			files = (
				CCF3CC321F79F94C00035B76 /* GameScene+Extensions.swift in Sources */,
				CCF3CC361F79FA8900035B76 /* BaseScene+Extensions.swift in Sources */,
				CC7911BF1F55A3E3009E7B4A /* SplashViewController.swift in Sources */,
				CC4F90D11F51E9FE001BB049 /* Utility.swift in Sources */,
				CC1C64C91F44B47300A9E5C8 /* AwardScene.swift in Sources */,
				CC1C64C11F44A7BE00A9E5C8 /* IAPurchaseManger.swift in Sources */,
				CC7911C71F55A587009E7B4A /* Common.swift in Sources */,
				CC95F9FF1F3A3F1700E55483 /* MainMenuScene.swift in Sources */,
				CC96109A1FB642CE005EC5C1 /* GraphOverlay.swift in Sources */,
				CCF8474C1EE9DC6D00468E0B /* Extensions.swift in Sources */,
				CCDEA3D81F36BF450046C82D /* WalkThroughThreeViewController.swift in Sources */,
				CC95FA011F41D95B00E55483 /* WordList.swift in Sources */,
				CC2F8E481F18830200463E37 /* PlaySound.swift in Sources */,
				CC8BE4151EEB47F700CDB4BB /* BaseScene.swift in Sources */,
				CC1C64C51F44AE2800A9E5C8 /* IAPurchaseScene.swift in Sources */,
				CC6F27761F8419C30099F7A3 /* LoginViewController.swift in Sources */,
				CC5BF9C41FBC93030095BEAD /* InstructionView.swift in Sources */,
				CC1148EE1F394D8500F64550 /* AppViewController.swift in Sources */,
				CCF3CC401F7AB0AC00035B76 /* VowelCount.swift in Sources */,
				CC5BF9C21FBC928D0095BEAD /* LoginView.swift in Sources */,
				CC5BF9BE1FBC8EB20095BEAD /* GameView.swift in Sources */,
				CCE627F91F574D890018BD1C /* OverlayScene.swift in Sources */,
				AE39F6A71EE10AC300D362C1 /* GameStatusScene.swift in Sources */,
				CCDEA3D41F36BEFD0046C82D /* WalkThroughOneViewController.swift in Sources */,
				CC4D21991F5CE3B600521254 /* LiveData.swift in Sources */,
				CC8BE4171EEB494900CDB4BB /* BaseScene+Buttons.swift in Sources */,
				CC5D16E01F8034C200414E8A /* SocialMediaManager.swift in Sources */,
				CCAD361D1EE0CAE3001C6AFE /* GameScene.swift in Sources */,
				CC9D73A71F7C4C490084C15C /* WordList+Extensions.swift in Sources */,
				CCCE42731F917C46005F01D4 /* Array+Extensions.swift in Sources */,
				CCF3CC3A1F79FB5000035B76 /* SKTileMapNode+Extensions.swift in Sources */,
				CC9610971FB0CC64005EC5C1 /* Tile+Extensions.swift in Sources */,
				CCAD361F1EE0CAE3001C6AFE /* GameViewController.swift in Sources */,
				CC7202C21F1D5D7D003394A0 /* StatStore.swift in Sources */,
				CCEB14CA1F9481F100985641 /* ProcessTile.swift in Sources */,
				CC5BF9C61FBC93FC0095BEAD /* NewGameView.swift in Sources */,
				CCDEA3E01F37A8690046C82D /* WalkThroughPageViewController.swift in Sources */,
				CCF3CC3E1F79FC4D00035B76 /* SKLabelNode+Extensions.swift in Sources */,
				CC5D16DE1F80243C00414E8A /* ViewController+Extensions.swift in Sources */,
				CCAD36171EE0CAE3001C6AFE /* AppDelegate.swift in Sources */,
				CC1EA8D51FB7C0D6001520FD /* CommonGameController.swift in Sources */,
				CCF3CC421F7AB16C00035B76 /* Stat.swift in Sources */,
				CCDC23731F200E3700371F1F /* MenuScene.swift in Sources */,
				CC1C64CE1F46B92400A9E5C8 /* AppTheme.swift in Sources */,
				CCD90CE11F83EB2800C81D98 /* UIApplication+Extension.swift in Sources */,
				CC8BE4191EEB4AA600CDB4BB /* BaseScene+Focus.swift in Sources */,
				CCDEA3D61F36BF1C0046C82D /* WalkThroughTwoViewController.swift in Sources */,
				CC182F3E1F880DCD00EE5DA9 /* LogoutViewController.swift in Sources */,
				CC7911C31F55A408009E7B4A /* TileView.swift in Sources */,
				CC1148EA1F3841FC00F64550 /* WalkThroughLastPageViewController.swift in Sources */,
				CC7911C11F55A3F9009E7B4A /* LogoView.swift in Sources */,
				CC8BE4131EEB2D7100CDB4BB /* ButtonNode.swift in Sources */,
				CC5BF9C01FBC911A0095BEAD /* SettingView.swift in Sources */,
				CC7911C51F55A494009E7B4A /* TileGridView.swift in Sources */,
				CCF3CC381F79FAF200035B76 /* ButtonNodeResponderType+Extensions.swift in Sources */,
				CC8BE4231EF22F0E00CDB4BB /* DataExchange.swift in Sources */,
				CCF8474E1EE9DD1600468E0B /* Config.swift in Sources */,
				CC8BE42F1F044CBE00CDB4BB /* DefinitionScene.swift in Sources */,
				CCF3CC3C1F79FBFB00035B76 /* SKSpriteNode+Extensions.swift in Sources */,
				CCF3CC341F79FA1600035B76 /* SKScene+Extensions.swift in Sources */,
				CC4991F91FAE147300D74034 /* LayoutDefinition.swift in Sources */,
				CC5BF9BC1FBC8BAB0095BEAD /* GraphView.swift in Sources */,
			);
			runOnlyForDeploymentPostprocessing = 0;
		};
		CCAD36291EE0CAE3001C6AFE /* Sources */ = {
			isa = PBXSourcesBuildPhase;
			buildActionMask = 2147483647;
			files = (
				CCAD36321EE0CAE3001C6AFE /* wrdlnkTests.swift in Sources */,
			);
			runOnlyForDeploymentPostprocessing = 0;
		};
		CCAD36341EE0CAE3001C6AFE /* Sources */ = {
			isa = PBXSourcesBuildPhase;
			buildActionMask = 2147483647;
			files = (
				CCAD363D1EE0CAE3001C6AFE /* wrdlnkUITests.swift in Sources */,
			);
			runOnlyForDeploymentPostprocessing = 0;
		};
/* End PBXSourcesBuildPhase section */

/* Begin PBXTargetDependency section */
		CCAD362F1EE0CAE3001C6AFE /* PBXTargetDependency */ = {
			isa = PBXTargetDependency;
			target = CCAD36121EE0CAE3001C6AFE /* wrdlnk */;
			targetProxy = CCAD362E1EE0CAE3001C6AFE /* PBXContainerItemProxy */;
		};
		CCAD363A1EE0CAE3001C6AFE /* PBXTargetDependency */ = {
			isa = PBXTargetDependency;
			target = CCAD36121EE0CAE3001C6AFE /* wrdlnk */;
			targetProxy = CCAD36391EE0CAE3001C6AFE /* PBXContainerItemProxy */;
		};
/* End PBXTargetDependency section */

/* Begin PBXVariantGroup section */
		CCAD36201EE0CAE3001C6AFE /* Main.storyboard */ = {
			isa = PBXVariantGroup;
			children = (
				CCAD36211EE0CAE3001C6AFE /* Base */,
			);
			name = Main.storyboard;
			sourceTree = "<group>";
		};
		CCAD36251EE0CAE3001C6AFE /* LaunchScreen.storyboard */ = {
			isa = PBXVariantGroup;
			children = (
				CCAD36261EE0CAE3001C6AFE /* Base */,
			);
			name = LaunchScreen.storyboard;
			sourceTree = "<group>";
		};
/* End PBXVariantGroup section */

/* Begin XCBuildConfiguration section */
		CCAD363F1EE0CAE3001C6AFE /* Debug */ = {
			isa = XCBuildConfiguration;
			buildSettings = {
				ALWAYS_SEARCH_USER_PATHS = NO;
				CLANG_ANALYZER_NONNULL = YES;
				CLANG_ANALYZER_NUMBER_OBJECT_CONVERSION = YES_AGGRESSIVE;
				CLANG_CXX_LANGUAGE_STANDARD = "gnu++0x";
				CLANG_CXX_LIBRARY = "libc++";
				CLANG_ENABLE_MODULES = YES;
				CLANG_ENABLE_OBJC_ARC = YES;
				CLANG_WARN_BLOCK_CAPTURE_AUTORELEASING = YES;
				CLANG_WARN_BOOL_CONVERSION = YES;
				CLANG_WARN_COMMA = YES;
				CLANG_WARN_CONSTANT_CONVERSION = YES;
				CLANG_WARN_DIRECT_OBJC_ISA_USAGE = YES_ERROR;
				CLANG_WARN_DOCUMENTATION_COMMENTS = YES;
				CLANG_WARN_EMPTY_BODY = YES;
				CLANG_WARN_ENUM_CONVERSION = YES;
				CLANG_WARN_INFINITE_RECURSION = YES;
				CLANG_WARN_INT_CONVERSION = YES;
				CLANG_WARN_NON_LITERAL_NULL_CONVERSION = YES;
				CLANG_WARN_OBJC_LITERAL_CONVERSION = YES;
				CLANG_WARN_OBJC_ROOT_CLASS = YES_ERROR;
				CLANG_WARN_RANGE_LOOP_ANALYSIS = YES;
				CLANG_WARN_STRICT_PROTOTYPES = YES;
				CLANG_WARN_SUSPICIOUS_MOVE = YES;
				CLANG_WARN_UNREACHABLE_CODE = YES;
				CLANG_WARN__DUPLICATE_METHOD_MATCH = YES;
				"CODE_SIGN_IDENTITY[sdk=iphoneos*]" = "iPhone Developer";
				COPY_PHASE_STRIP = NO;
				DEBUG_INFORMATION_FORMAT = dwarf;
				ENABLE_STRICT_OBJC_MSGSEND = YES;
				ENABLE_TESTABILITY = YES;
				GCC_C_LANGUAGE_STANDARD = gnu99;
				GCC_DYNAMIC_NO_PIC = NO;
				GCC_NO_COMMON_BLOCKS = YES;
				GCC_OPTIMIZATION_LEVEL = 0;
				GCC_PREPROCESSOR_DEFINITIONS = (
					"DEBUG=1",
					"$(inherited)",
				);
				GCC_WARN_64_TO_32_BIT_CONVERSION = YES;
				GCC_WARN_ABOUT_RETURN_TYPE = YES_ERROR;
				GCC_WARN_UNDECLARED_SELECTOR = YES;
				GCC_WARN_UNINITIALIZED_AUTOS = YES_AGGRESSIVE;
				GCC_WARN_UNUSED_FUNCTION = YES;
				GCC_WARN_UNUSED_VARIABLE = YES;
				IPHONEOS_DEPLOYMENT_TARGET = 10.2;
				MTL_ENABLE_DEBUG_INFO = YES;
				ONLY_ACTIVE_ARCH = YES;
				OTHER_LDFLAGS = (
					"$(OTHER_LDFLAGS)",
					"-ObjC",
				);
				"OTHER_LDFLAGS[arch=*]" = "$(OTHER_LDFLAGS)";
				SDKROOT = iphoneos;
				SWIFT_ACTIVE_COMPILATION_CONDITIONS = DEBUG;
				SWIFT_OPTIMIZATION_LEVEL = "-Onone";
				"USER_HEADER_SEARCH_PATHS[arch=*]" = "${SRCROOT}";
			};
			name = Debug;
		};
		CCAD36401EE0CAE3001C6AFE /* Release */ = {
			isa = XCBuildConfiguration;
			buildSettings = {
				ALWAYS_SEARCH_USER_PATHS = NO;
				CLANG_ANALYZER_NONNULL = YES;
				CLANG_ANALYZER_NUMBER_OBJECT_CONVERSION = YES_AGGRESSIVE;
				CLANG_CXX_LANGUAGE_STANDARD = "gnu++0x";
				CLANG_CXX_LIBRARY = "libc++";
				CLANG_ENABLE_MODULES = YES;
				CLANG_ENABLE_OBJC_ARC = YES;
				CLANG_WARN_BLOCK_CAPTURE_AUTORELEASING = YES;
				CLANG_WARN_BOOL_CONVERSION = YES;
				CLANG_WARN_COMMA = YES;
				CLANG_WARN_CONSTANT_CONVERSION = YES;
				CLANG_WARN_DIRECT_OBJC_ISA_USAGE = YES_ERROR;
				CLANG_WARN_DOCUMENTATION_COMMENTS = YES;
				CLANG_WARN_EMPTY_BODY = YES;
				CLANG_WARN_ENUM_CONVERSION = YES;
				CLANG_WARN_INFINITE_RECURSION = YES;
				CLANG_WARN_INT_CONVERSION = YES;
				CLANG_WARN_NON_LITERAL_NULL_CONVERSION = YES;
				CLANG_WARN_OBJC_LITERAL_CONVERSION = YES;
				CLANG_WARN_OBJC_ROOT_CLASS = YES_ERROR;
				CLANG_WARN_RANGE_LOOP_ANALYSIS = YES;
				CLANG_WARN_STRICT_PROTOTYPES = YES;
				CLANG_WARN_SUSPICIOUS_MOVE = YES;
				CLANG_WARN_UNREACHABLE_CODE = YES;
				CLANG_WARN__DUPLICATE_METHOD_MATCH = YES;
				"CODE_SIGN_IDENTITY[sdk=iphoneos*]" = "iPhone Developer";
				COPY_PHASE_STRIP = NO;
				DEBUG_INFORMATION_FORMAT = "dwarf-with-dsym";
				ENABLE_NS_ASSERTIONS = NO;
				ENABLE_STRICT_OBJC_MSGSEND = YES;
				GCC_C_LANGUAGE_STANDARD = gnu99;
				GCC_NO_COMMON_BLOCKS = YES;
				GCC_WARN_64_TO_32_BIT_CONVERSION = YES;
				GCC_WARN_ABOUT_RETURN_TYPE = YES_ERROR;
				GCC_WARN_UNDECLARED_SELECTOR = YES;
				GCC_WARN_UNINITIALIZED_AUTOS = YES_AGGRESSIVE;
				GCC_WARN_UNUSED_FUNCTION = YES;
				GCC_WARN_UNUSED_VARIABLE = YES;
				IPHONEOS_DEPLOYMENT_TARGET = 10.2;
				MTL_ENABLE_DEBUG_INFO = NO;
				OTHER_LDFLAGS = (
					"$(OTHER_LDFLAGS)",
					"-ObjC",
				);
				"OTHER_LDFLAGS[arch=*]" = "";
				SDKROOT = iphoneos;
				SWIFT_OPTIMIZATION_LEVEL = "-Owholemodule";
				"USER_HEADER_SEARCH_PATHS[arch=*]" = "${SRCROOT}";
				VALIDATE_PRODUCT = YES;
			};
			name = Release;
		};
		CCAD36421EE0CAE3001C6AFE /* Debug */ = {
			isa = XCBuildConfiguration;
			buildSettings = {
				ASSETCATALOG_COMPILER_APPICON_NAME = AppIcon;
				ASSETCATALOG_COMPILER_LAUNCHIMAGE_NAME = LaunchImage;
				CLANG_ENABLE_MODULES = YES;
				DEVELOPMENT_TEAM = B8FBKBQS3V;
				FRAMEWORK_SEARCH_PATHS = (
					"$(inherited)",
					"$(PROJECT_DIR)/wrdlnk",
					/Users/sparkle/Documents/dev/code/swift/sdk/google_signin_sdk_4_0_0,
					"/Users/sparkle/Documents/dev/code/swift/sdk/GoogleMobileAdsSdkiOS-7.24.1",
				);
				HEADER_SEARCH_PATHS = (
					/Users/sparkle/Documents/dev/code/swift/sdk/google_signin_sdk_4_0_0,
					"/Users/sparkle/Documents/dev/code/swift/sdk/GoogleMobileAdsSdkiOS-7.24.1",
				);
				INFOPLIST_FILE = wrdlnk/Info.plist;
				IPHONEOS_DEPLOYMENT_TARGET = 10.2;
				LD_RUNPATH_SEARCH_PATHS = "$(inherited) @executable_path/Frameworks";
				LIBRARY_SEARCH_PATHS = (
					/Users/sparkle/Documents/dev/code/swift/sdk/google_signin_sdk_4_0_0,
					"/Users/sparkle/Documents/dev/code/swift/sdk/GoogleMobileAdsSdkiOS-7.24.1",
				);
				OTHER_CFLAGS = "";
				OTHER_LDFLAGS = "-ObjC";
				PRODUCT_BUNDLE_IDENTIFIER = com.teknowsys.wrdlnk;
				PRODUCT_NAME = "$(TARGET_NAME)";
				SWIFT_OBJC_BRIDGING_HEADER = "wrdlnk/wrdlnk-Bridging-Header.h";
				SWIFT_OPTIMIZATION_LEVEL = "-Onone";
				SWIFT_SWIFT3_OBJC_INFERENCE = On;
				SWIFT_VERSION = 4.0;
				TARGETED_DEVICE_FAMILY = "1,2";
				WARNING_LDFLAGS = "-v";
			};
			name = Debug;
		};
		CCAD36431EE0CAE3001C6AFE /* Release */ = {
			isa = XCBuildConfiguration;
			buildSettings = {
				ASSETCATALOG_COMPILER_APPICON_NAME = AppIcon;
				ASSETCATALOG_COMPILER_LAUNCHIMAGE_NAME = LaunchImage;
				CLANG_ENABLE_MODULES = YES;
				DEVELOPMENT_TEAM = B8FBKBQS3V;
				FRAMEWORK_SEARCH_PATHS = (
					"$(inherited)",
					"$(PROJECT_DIR)/wrdlnk",
					/Users/sparkle/Documents/dev/code/swift/sdk/google_signin_sdk_4_0_0,
					"/Users/sparkle/Documents/dev/code/swift/sdk/GoogleMobileAdsSdkiOS-7.24.1",
				);
				HEADER_SEARCH_PATHS = (
					/Users/sparkle/Documents/dev/code/swift/sdk/google_signin_sdk_4_0_0,
					"/Users/sparkle/Documents/dev/code/swift/sdk/GoogleMobileAdsSdkiOS-7.24.1",
				);
				INFOPLIST_FILE = wrdlnk/Info.plist;
				IPHONEOS_DEPLOYMENT_TARGET = 10.2;
				LD_RUNPATH_SEARCH_PATHS = "$(inherited) @executable_path/Frameworks";
				LIBRARY_SEARCH_PATHS = (
					/Users/sparkle/Documents/dev/code/swift/sdk/google_signin_sdk_4_0_0,
					"/Users/sparkle/Documents/dev/code/swift/sdk/GoogleMobileAdsSdkiOS-7.24.1",
				);
				OTHER_CFLAGS = "";
				OTHER_LDFLAGS = "-ObjC";
				PRODUCT_BUNDLE_IDENTIFIER = com.teknowsys.wrdlnk;
				PRODUCT_NAME = "$(TARGET_NAME)";
				SWIFT_OBJC_BRIDGING_HEADER = "wrdlnk/wrdlnk-Bridging-Header.h";
				SWIFT_SWIFT3_OBJC_INFERENCE = On;
				SWIFT_VERSION = 4.0;
				TARGETED_DEVICE_FAMILY = "1,2";
				WARNING_LDFLAGS = "-v";
			};
			name = Release;
		};
		CCAD36451EE0CAE3001C6AFE /* Debug */ = {
			isa = XCBuildConfiguration;
			buildSettings = {
				ALWAYS_EMBED_SWIFT_STANDARD_LIBRARIES = YES;
				BUNDLE_LOADER = "$(TEST_HOST)";
				INFOPLIST_FILE = wrdlnkTests/Info.plist;
				LD_RUNPATH_SEARCH_PATHS = "$(inherited) @executable_path/Frameworks @loader_path/Frameworks";
				PRODUCT_BUNDLE_IDENTIFIER = com.teknowsys.wrdlnkTests;
				PRODUCT_NAME = "$(TARGET_NAME)";
				SWIFT_SWIFT3_OBJC_INFERENCE = On;
				SWIFT_VERSION = 4.0;
				TEST_HOST = "$(BUILT_PRODUCTS_DIR)/wrdlnk.app/wrdlnk";
			};
			name = Debug;
		};
		CCAD36461EE0CAE3001C6AFE /* Release */ = {
			isa = XCBuildConfiguration;
			buildSettings = {
				ALWAYS_EMBED_SWIFT_STANDARD_LIBRARIES = YES;
				BUNDLE_LOADER = "$(TEST_HOST)";
				INFOPLIST_FILE = wrdlnkTests/Info.plist;
				LD_RUNPATH_SEARCH_PATHS = "$(inherited) @executable_path/Frameworks @loader_path/Frameworks";
				PRODUCT_BUNDLE_IDENTIFIER = com.teknowsys.wrdlnkTests;
				PRODUCT_NAME = "$(TARGET_NAME)";
				SWIFT_SWIFT3_OBJC_INFERENCE = On;
				SWIFT_VERSION = 4.0;
				TEST_HOST = "$(BUILT_PRODUCTS_DIR)/wrdlnk.app/wrdlnk";
			};
			name = Release;
		};
		CCAD36481EE0CAE3001C6AFE /* Debug */ = {
			isa = XCBuildConfiguration;
			buildSettings = {
				ALWAYS_EMBED_SWIFT_STANDARD_LIBRARIES = YES;
				INFOPLIST_FILE = wrdlnkUITests/Info.plist;
				LD_RUNPATH_SEARCH_PATHS = "$(inherited) @executable_path/Frameworks @loader_path/Frameworks";
				PRODUCT_BUNDLE_IDENTIFIER = com.teknowsys.wrdlnkUITests;
				PRODUCT_NAME = "$(TARGET_NAME)";
				SWIFT_SWIFT3_OBJC_INFERENCE = On;
				SWIFT_VERSION = 4.0;
				TEST_TARGET_NAME = wrdlnk;
			};
			name = Debug;
		};
		CCAD36491EE0CAE3001C6AFE /* Release */ = {
			isa = XCBuildConfiguration;
			buildSettings = {
				ALWAYS_EMBED_SWIFT_STANDARD_LIBRARIES = YES;
				INFOPLIST_FILE = wrdlnkUITests/Info.plist;
				LD_RUNPATH_SEARCH_PATHS = "$(inherited) @executable_path/Frameworks @loader_path/Frameworks";
				PRODUCT_BUNDLE_IDENTIFIER = com.teknowsys.wrdlnkUITests;
				PRODUCT_NAME = "$(TARGET_NAME)";
				SWIFT_SWIFT3_OBJC_INFERENCE = On;
				SWIFT_VERSION = 4.0;
				TEST_TARGET_NAME = wrdlnk;
			};
			name = Release;
		};
/* End XCBuildConfiguration section */

/* Begin XCConfigurationList section */
		CCAD360E1EE0CAE3001C6AFE /* Build configuration list for PBXProject "wrdlnk" */ = {
			isa = XCConfigurationList;
			buildConfigurations = (
				CCAD363F1EE0CAE3001C6AFE /* Debug */,
				CCAD36401EE0CAE3001C6AFE /* Release */,
			);
			defaultConfigurationIsVisible = 0;
			defaultConfigurationName = Release;
		};
		CCAD36411EE0CAE3001C6AFE /* Build configuration list for PBXNativeTarget "wrdlnk" */ = {
			isa = XCConfigurationList;
			buildConfigurations = (
				CCAD36421EE0CAE3001C6AFE /* Debug */,
				CCAD36431EE0CAE3001C6AFE /* Release */,
			);
			defaultConfigurationIsVisible = 0;
			defaultConfigurationName = Release;
		};
		CCAD36441EE0CAE3001C6AFE /* Build configuration list for PBXNativeTarget "wrdlnkTests" */ = {
			isa = XCConfigurationList;
			buildConfigurations = (
				CCAD36451EE0CAE3001C6AFE /* Debug */,
				CCAD36461EE0CAE3001C6AFE /* Release */,
			);
			defaultConfigurationIsVisible = 0;
			defaultConfigurationName = Release;
		};
		CCAD36471EE0CAE3001C6AFE /* Build configuration list for PBXNativeTarget "wrdlnkUITests" */ = {
			isa = XCConfigurationList;
			buildConfigurations = (
				CCAD36481EE0CAE3001C6AFE /* Debug */,
				CCAD36491EE0CAE3001C6AFE /* Release */,
			);
			defaultConfigurationIsVisible = 0;
			defaultConfigurationName = Release;
		};
/* End XCConfigurationList section */
	};
	rootObject = CCAD360B1EE0CAE3001C6AFE /* Project object */;
}
